// !$*UTF8*$!
{
	archiveVersion = 1;
	classes = {
	};
	objectVersion = 56;
	objects = {

/* Begin PBXBuildFile section */
		AC9FD09E2BC79AFC00395FC2 /* AppDelegate.swift in Sources */ = {isa = PBXBuildFile; fileRef = AC9FD09D2BC79AFC00395FC2 /* AppDelegate.swift */; };
		AC9FD0A02BC79AFC00395FC2 /* SceneDelegate.swift in Sources */ = {isa = PBXBuildFile; fileRef = AC9FD09F2BC79AFC00395FC2 /* SceneDelegate.swift */; };
		AC9FD0A22BC79AFC00395FC2 /* SignInViewController.swift in Sources */ = {isa = PBXBuildFile; fileRef = AC9FD0A12BC79AFC00395FC2 /* SignInViewController.swift */; };
		AC9FD0A52BC79AFC00395FC2 /* Base in Resources */ = {isa = PBXBuildFile; fileRef = AC9FD0A42BC79AFC00395FC2 /* Base */; };
		AC9FD0A72BC79AFD00395FC2 /* Assets.xcassets in Resources */ = {isa = PBXBuildFile; fileRef = AC9FD0A62BC79AFD00395FC2 /* Assets.xcassets */; };
		AC9FD0AA2BC79AFD00395FC2 /* Base in Resources */ = {isa = PBXBuildFile; fileRef = AC9FD0A92BC79AFD00395FC2 /* Base */; };
		AC9FD0B32BC79B4500395FC2 /* Alamofire in Frameworks */ = {isa = PBXBuildFile; productRef = AC9FD0B22BC79B4500395FC2 /* Alamofire */; };
		AC9FD0B62BC79B6100395FC2 /* RxCocoa in Frameworks */ = {isa = PBXBuildFile; productRef = AC9FD0B52BC79B6100395FC2 /* RxCocoa */; };
		AC9FD0B82BC79B6100395FC2 /* RxSwift in Frameworks */ = {isa = PBXBuildFile; productRef = AC9FD0B72BC79B6100395FC2 /* RxSwift */; };
		AC9FD0BB2BC79B7700395FC2 /* SnapKit in Frameworks */ = {isa = PBXBuildFile; productRef = AC9FD0BA2BC79B7700395FC2 /* SnapKit */; };
		AC9FD0BE2BC79C0400395FC2 /* BaseView.swift in Sources */ = {isa = PBXBuildFile; fileRef = AC9FD0BD2BC79C0400395FC2 /* BaseView.swift */; };
		AC9FD0C02BC79C1C00395FC2 /* BaseViewController.swift in Sources */ = {isa = PBXBuildFile; fileRef = AC9FD0BF2BC79C1C00395FC2 /* BaseViewController.swift */; };
		AC9FD0C42BC79D5000395FC2 /* SignInView.swift in Sources */ = {isa = PBXBuildFile; fileRef = AC9FD0C32BC79D5000395FC2 /* SignInView.swift */; };
		AC9FD0D02BC7A52200395FC2 /* Blinker-Headline.ttf in Resources */ = {isa = PBXBuildFile; fileRef = AC9FD0C72BC7A52200395FC2 /* Blinker-Headline.ttf */; };
		AC9FD0D12BC7A52200395FC2 /* Blinker-SemiLight.ttf in Resources */ = {isa = PBXBuildFile; fileRef = AC9FD0C82BC7A52200395FC2 /* Blinker-SemiLight.ttf */; };
		AC9FD0D22BC7A52200395FC2 /* Blinker-Black.ttf in Resources */ = {isa = PBXBuildFile; fileRef = AC9FD0C92BC7A52200395FC2 /* Blinker-Black.ttf */; };
		AC9FD0D32BC7A52200395FC2 /* Blinker-Regular.ttf in Resources */ = {isa = PBXBuildFile; fileRef = AC9FD0CA2BC7A52200395FC2 /* Blinker-Regular.ttf */; };
		AC9FD0D42BC7A52200395FC2 /* Blinker-SemiBold.ttf in Resources */ = {isa = PBXBuildFile; fileRef = AC9FD0CB2BC7A52200395FC2 /* Blinker-SemiBold.ttf */; };
		AC9FD0D52BC7A52200395FC2 /* Blinker-Thin.ttf in Resources */ = {isa = PBXBuildFile; fileRef = AC9FD0CC2BC7A52200395FC2 /* Blinker-Thin.ttf */; };
		AC9FD0D62BC7A52200395FC2 /* Blinker-Bold.ttf in Resources */ = {isa = PBXBuildFile; fileRef = AC9FD0CD2BC7A52200395FC2 /* Blinker-Bold.ttf */; };
		AC9FD0D72BC7A52200395FC2 /* Blinker-Light.ttf in Resources */ = {isa = PBXBuildFile; fileRef = AC9FD0CE2BC7A52200395FC2 /* Blinker-Light.ttf */; };
		AC9FD0D82BC7A52200395FC2 /* Blinker-ExtraBold.ttf in Resources */ = {isa = PBXBuildFile; fileRef = AC9FD0CF2BC7A52200395FC2 /* Blinker-ExtraBold.ttf */; };
		AC9FD0DA2BC7BFE200395FC2 /* FontManager.swift in Sources */ = {isa = PBXBuildFile; fileRef = AC9FD0D92BC7BFE200395FC2 /* FontManager.swift */; };
		AC9FD0DD2BC7C5F400395FC2 /* TextField++.swift in Sources */ = {isa = PBXBuildFile; fileRef = AC9FD0DC2BC7C5F400395FC2 /* TextField++.swift */; };
		AC9FD0DF2BC7D43C00395FC2 /* Button++.swift in Sources */ = {isa = PBXBuildFile; fileRef = AC9FD0DE2BC7D43C00395FC2 /* Button++.swift */; };
		AC9FD0E12BC7E00700395FC2 /* SignInViewModel.swift in Sources */ = {isa = PBXBuildFile; fileRef = AC9FD0E02BC7E00700395FC2 /* SignInViewModel.swift */; };
		AC9FD0E42BC7E0B200395FC2 /* ViewModelType.swift in Sources */ = {isa = PBXBuildFile; fileRef = AC9FD0E32BC7E0B200395FC2 /* ViewModelType.swift */; };
		AC9FD0E72BC7E51900395FC2 /* Util.swift in Sources */ = {isa = PBXBuildFile; fileRef = AC9FD0E62BC7E51900395FC2 /* Util.swift */; };
		AC9FD0E92BC7EE9A00395FC2 /* SignUpViewModel.swift in Sources */ = {isa = PBXBuildFile; fileRef = AC9FD0E82BC7EE9A00395FC2 /* SignUpViewModel.swift */; };
/* End PBXBuildFile section */

/* Begin PBXFileReference section */
		AC9FD09A2BC79AFB00395FC2 /* Crewous.app */ = {isa = PBXFileReference; explicitFileType = wrapper.application; includeInIndex = 0; path = Crewous.app; sourceTree = BUILT_PRODUCTS_DIR; };
		AC9FD09D2BC79AFC00395FC2 /* AppDelegate.swift */ = {isa = PBXFileReference; lastKnownFileType = sourcecode.swift; path = AppDelegate.swift; sourceTree = "<group>"; };
		AC9FD09F2BC79AFC00395FC2 /* SceneDelegate.swift */ = {isa = PBXFileReference; lastKnownFileType = sourcecode.swift; path = SceneDelegate.swift; sourceTree = "<group>"; };
		AC9FD0A12BC79AFC00395FC2 /* SignInViewController.swift */ = {isa = PBXFileReference; lastKnownFileType = sourcecode.swift; path = SignInViewController.swift; sourceTree = "<group>"; };
		AC9FD0A42BC79AFC00395FC2 /* Base */ = {isa = PBXFileReference; lastKnownFileType = file.storyboard; name = Base; path = Base.lproj/Main.storyboard; sourceTree = "<group>"; };
		AC9FD0A62BC79AFD00395FC2 /* Assets.xcassets */ = {isa = PBXFileReference; lastKnownFileType = folder.assetcatalog; path = Assets.xcassets; sourceTree = "<group>"; };
		AC9FD0A92BC79AFD00395FC2 /* Base */ = {isa = PBXFileReference; lastKnownFileType = file.storyboard; name = Base; path = Base.lproj/LaunchScreen.storyboard; sourceTree = "<group>"; };
		AC9FD0AB2BC79AFD00395FC2 /* Info.plist */ = {isa = PBXFileReference; lastKnownFileType = text.plist.xml; path = Info.plist; sourceTree = "<group>"; };
		AC9FD0BD2BC79C0400395FC2 /* BaseView.swift */ = {isa = PBXFileReference; lastKnownFileType = sourcecode.swift; path = BaseView.swift; sourceTree = "<group>"; };
		AC9FD0BF2BC79C1C00395FC2 /* BaseViewController.swift */ = {isa = PBXFileReference; lastKnownFileType = sourcecode.swift; path = BaseViewController.swift; sourceTree = "<group>"; };
		AC9FD0C32BC79D5000395FC2 /* SignInView.swift */ = {isa = PBXFileReference; lastKnownFileType = sourcecode.swift; path = SignInView.swift; sourceTree = "<group>"; };
		AC9FD0C72BC7A52200395FC2 /* Blinker-Headline.ttf */ = {isa = PBXFileReference; lastKnownFileType = file; path = "Blinker-Headline.ttf"; sourceTree = "<group>"; };
		AC9FD0C82BC7A52200395FC2 /* Blinker-SemiLight.ttf */ = {isa = PBXFileReference; lastKnownFileType = file; path = "Blinker-SemiLight.ttf"; sourceTree = "<group>"; };
		AC9FD0C92BC7A52200395FC2 /* Blinker-Black.ttf */ = {isa = PBXFileReference; lastKnownFileType = file; path = "Blinker-Black.ttf"; sourceTree = "<group>"; };
		AC9FD0CA2BC7A52200395FC2 /* Blinker-Regular.ttf */ = {isa = PBXFileReference; lastKnownFileType = file; path = "Blinker-Regular.ttf"; sourceTree = "<group>"; };
		AC9FD0CB2BC7A52200395FC2 /* Blinker-SemiBold.ttf */ = {isa = PBXFileReference; lastKnownFileType = file; path = "Blinker-SemiBold.ttf"; sourceTree = "<group>"; };
		AC9FD0CC2BC7A52200395FC2 /* Blinker-Thin.ttf */ = {isa = PBXFileReference; lastKnownFileType = file; path = "Blinker-Thin.ttf"; sourceTree = "<group>"; };
		AC9FD0CD2BC7A52200395FC2 /* Blinker-Bold.ttf */ = {isa = PBXFileReference; lastKnownFileType = file; path = "Blinker-Bold.ttf"; sourceTree = "<group>"; };
		AC9FD0CE2BC7A52200395FC2 /* Blinker-Light.ttf */ = {isa = PBXFileReference; lastKnownFileType = file; path = "Blinker-Light.ttf"; sourceTree = "<group>"; };
		AC9FD0CF2BC7A52200395FC2 /* Blinker-ExtraBold.ttf */ = {isa = PBXFileReference; lastKnownFileType = file; path = "Blinker-ExtraBold.ttf"; sourceTree = "<group>"; };
		AC9FD0D92BC7BFE200395FC2 /* FontManager.swift */ = {isa = PBXFileReference; lastKnownFileType = sourcecode.swift; path = FontManager.swift; sourceTree = "<group>"; };
		AC9FD0DC2BC7C5F400395FC2 /* TextField++.swift */ = {isa = PBXFileReference; lastKnownFileType = sourcecode.swift; path = "TextField++.swift"; sourceTree = "<group>"; };
		AC9FD0DE2BC7D43C00395FC2 /* Button++.swift */ = {isa = PBXFileReference; lastKnownFileType = sourcecode.swift; path = "Button++.swift"; sourceTree = "<group>"; };
		AC9FD0E02BC7E00700395FC2 /* SignInViewModel.swift */ = {isa = PBXFileReference; lastKnownFileType = sourcecode.swift; path = SignInViewModel.swift; sourceTree = "<group>"; };
		AC9FD0E32BC7E0B200395FC2 /* ViewModelType.swift */ = {isa = PBXFileReference; lastKnownFileType = sourcecode.swift; path = ViewModelType.swift; sourceTree = "<group>"; };
		AC9FD0E62BC7E51900395FC2 /* Util.swift */ = {isa = PBXFileReference; lastKnownFileType = sourcecode.swift; path = Util.swift; sourceTree = "<group>"; };
		AC9FD0E82BC7EE9A00395FC2 /* SignUpViewModel.swift */ = {isa = PBXFileReference; lastKnownFileType = sourcecode.swift; path = SignUpViewModel.swift; sourceTree = "<group>"; };
/* End PBXFileReference section */

/* Begin PBXFrameworksBuildPhase section */
		AC9FD0972BC79AFB00395FC2 /* Frameworks */ = {
			isa = PBXFrameworksBuildPhase;
			buildActionMask = 2147483647;
			files = (
				AC9FD0B82BC79B6100395FC2 /* RxSwift in Frameworks */,
				AC9FD0BB2BC79B7700395FC2 /* SnapKit in Frameworks */,
				AC9FD0B62BC79B6100395FC2 /* RxCocoa in Frameworks */,
				AC9FD0B32BC79B4500395FC2 /* Alamofire in Frameworks */,
			);
			runOnlyForDeploymentPostprocessing = 0;
		};
/* End PBXFrameworksBuildPhase section */

/* Begin PBXGroup section */
		AC9FD0912BC79AFB00395FC2 = {
			isa = PBXGroup;
			children = (
				AC9FD09C2BC79AFB00395FC2 /* Crewous */,
				AC9FD09B2BC79AFB00395FC2 /* Products */,
			);
			sourceTree = "<group>";
		};
		AC9FD09B2BC79AFB00395FC2 /* Products */ = {
			isa = PBXGroup;
			children = (
				AC9FD09A2BC79AFB00395FC2 /* Crewous.app */,
			);
			name = Products;
			sourceTree = "<group>";
		};
		AC9FD09C2BC79AFB00395FC2 /* Crewous */ = {
			isa = PBXGroup;
			children = (
				AC9FD0E52BC7E4D300395FC2 /* Util */,
				AC9FD0E22BC7E04500395FC2 /* Protocol */,
				AC9FD0DB2BC7C5D100395FC2 /* Extension */,
				AC9FD0C52BC7A50000395FC2 /* Font */,
				AC9FD0C12BC79D2F00395FC2 /* Present */,
				AC9FD0BC2BC79BF600395FC2 /* Base */,
				AC9FD09D2BC79AFC00395FC2 /* AppDelegate.swift */,
				AC9FD09F2BC79AFC00395FC2 /* SceneDelegate.swift */,
				AC9FD0A32BC79AFC00395FC2 /* Main.storyboard */,
				AC9FD0A62BC79AFD00395FC2 /* Assets.xcassets */,
				AC9FD0A82BC79AFD00395FC2 /* LaunchScreen.storyboard */,
				AC9FD0AB2BC79AFD00395FC2 /* Info.plist */,
			);
			path = Crewous;
			sourceTree = "<group>";
		};
		AC9FD0BC2BC79BF600395FC2 /* Base */ = {
			isa = PBXGroup;
			children = (
				AC9FD0BD2BC79C0400395FC2 /* BaseView.swift */,
				AC9FD0BF2BC79C1C00395FC2 /* BaseViewController.swift */,
			);
			path = Base;
			sourceTree = "<group>";
		};
		AC9FD0C12BC79D2F00395FC2 /* Present */ = {
			isa = PBXGroup;
			children = (
				AC9FD0EA2BC7EE9D00395FC2 /* SignUp */,
				AC9FD0C22BC79D3400395FC2 /* SignIn */,
			);
			path = Present;
			sourceTree = "<group>";
		};
		AC9FD0C22BC79D3400395FC2 /* SignIn */ = {
			isa = PBXGroup;
			children = (
				AC9FD0E02BC7E00700395FC2 /* SignInViewModel.swift */,
				AC9FD0A12BC79AFC00395FC2 /* SignInViewController.swift */,
				AC9FD0C32BC79D5000395FC2 /* SignInView.swift */,
			);
			path = SignIn;
			sourceTree = "<group>";
		};
		AC9FD0C52BC7A50000395FC2 /* Font */ = {
			isa = PBXGroup;
			children = (
				AC9FD0D92BC7BFE200395FC2 /* FontManager.swift */,
				AC9FD0C62BC7A51300395FC2 /* Blinker */,
			);
			path = Font;
			sourceTree = "<group>";
		};
		AC9FD0C62BC7A51300395FC2 /* Blinker */ = {
			isa = PBXGroup;
			children = (
				AC9FD0C92BC7A52200395FC2 /* Blinker-Black.ttf */,
				AC9FD0CD2BC7A52200395FC2 /* Blinker-Bold.ttf */,
				AC9FD0CF2BC7A52200395FC2 /* Blinker-ExtraBold.ttf */,
				AC9FD0C72BC7A52200395FC2 /* Blinker-Headline.ttf */,
				AC9FD0CE2BC7A52200395FC2 /* Blinker-Light.ttf */,
				AC9FD0CA2BC7A52200395FC2 /* Blinker-Regular.ttf */,
				AC9FD0CB2BC7A52200395FC2 /* Blinker-SemiBold.ttf */,
				AC9FD0C82BC7A52200395FC2 /* Blinker-SemiLight.ttf */,
				AC9FD0CC2BC7A52200395FC2 /* Blinker-Thin.ttf */,
			);
			path = Blinker;
			sourceTree = "<group>";
		};
		AC9FD0DB2BC7C5D100395FC2 /* Extension */ = {
			isa = PBXGroup;
			children = (
				AC9FD0DC2BC7C5F400395FC2 /* TextField++.swift */,
				AC9FD0DE2BC7D43C00395FC2 /* Button++.swift */,
			);
			path = Extension;
			sourceTree = "<group>";
		};
		AC9FD0E22BC7E04500395FC2 /* Protocol */ = {
			isa = PBXGroup;
			children = (
				AC9FD0E32BC7E0B200395FC2 /* ViewModelType.swift */,
			);
			path = Protocol;
			sourceTree = "<group>";
		};
		AC9FD0E52BC7E4D300395FC2 /* Util */ = {
			isa = PBXGroup;
			children = (
				AC9FD0E62BC7E51900395FC2 /* Util.swift */,
			);
			path = Util;
			sourceTree = "<group>";
		};
		AC9FD0EA2BC7EE9D00395FC2 /* SignUp */ = {
			isa = PBXGroup;
			children = (
				AC9FD0E82BC7EE9A00395FC2 /* SignUpViewModel.swift */,
			);
			path = SignUp;
			sourceTree = "<group>";
		};
/* End PBXGroup section */

/* Begin PBXNativeTarget section */
		AC9FD0992BC79AFB00395FC2 /* Crewous */ = {
			isa = PBXNativeTarget;
			buildConfigurationList = AC9FD0AE2BC79AFD00395FC2 /* Build configuration list for PBXNativeTarget "Crewous" */;
			buildPhases = (
				AC9FD0962BC79AFB00395FC2 /* Sources */,
				AC9FD0972BC79AFB00395FC2 /* Frameworks */,
				AC9FD0982BC79AFB00395FC2 /* Resources */,
			);
			buildRules = (
			);
			dependencies = (
			);
			name = Crewous;
			packageProductDependencies = (
				AC9FD0B22BC79B4500395FC2 /* Alamofire */,
				AC9FD0B52BC79B6100395FC2 /* RxCocoa */,
				AC9FD0B72BC79B6100395FC2 /* RxSwift */,
				AC9FD0BA2BC79B7700395FC2 /* SnapKit */,
			);
			productName = Crewous;
			productReference = AC9FD09A2BC79AFB00395FC2 /* Crewous.app */;
			productType = "com.apple.product-type.application";
		};
/* End PBXNativeTarget section */

/* Begin PBXProject section */
		AC9FD0922BC79AFB00395FC2 /* Project object */ = {
			isa = PBXProject;
			attributes = {
				BuildIndependentTargetsInParallel = 1;
				LastSwiftUpdateCheck = 1530;
				LastUpgradeCheck = 1530;
				TargetAttributes = {
					AC9FD0992BC79AFB00395FC2 = {
						CreatedOnToolsVersion = 15.3;
					};
				};
			};
			buildConfigurationList = AC9FD0952BC79AFB00395FC2 /* Build configuration list for PBXProject "Crewous" */;
			compatibilityVersion = "Xcode 14.0";
			developmentRegion = en;
			hasScannedForEncodings = 0;
			knownRegions = (
				en,
				Base,
			);
			mainGroup = AC9FD0912BC79AFB00395FC2;
			packageReferences = (
				AC9FD0B12BC79B4500395FC2 /* XCRemoteSwiftPackageReference "Alamofire" */,
				AC9FD0B42BC79B6100395FC2 /* XCRemoteSwiftPackageReference "RxSwift" */,
				AC9FD0B92BC79B7700395FC2 /* XCRemoteSwiftPackageReference "SnapKit" */,
			);
			productRefGroup = AC9FD09B2BC79AFB00395FC2 /* Products */;
			projectDirPath = "";
			projectRoot = "";
			targets = (
				AC9FD0992BC79AFB00395FC2 /* Crewous */,
			);
		};
/* End PBXProject section */

/* Begin PBXResourcesBuildPhase section */
		AC9FD0982BC79AFB00395FC2 /* Resources */ = {
			isa = PBXResourcesBuildPhase;
			buildActionMask = 2147483647;
			files = (
				AC9FD0A72BC79AFD00395FC2 /* Assets.xcassets in Resources */,
				AC9FD0D52BC7A52200395FC2 /* Blinker-Thin.ttf in Resources */,
				AC9FD0D82BC7A52200395FC2 /* Blinker-ExtraBold.ttf in Resources */,
				AC9FD0D32BC7A52200395FC2 /* Blinker-Regular.ttf in Resources */,
				AC9FD0AA2BC79AFD00395FC2 /* Base in Resources */,
				AC9FD0D42BC7A52200395FC2 /* Blinker-SemiBold.ttf in Resources */,
				AC9FD0D62BC7A52200395FC2 /* Blinker-Bold.ttf in Resources */,
				AC9FD0D22BC7A52200395FC2 /* Blinker-Black.ttf in Resources */,
				AC9FD0D72BC7A52200395FC2 /* Blinker-Light.ttf in Resources */,
				AC9FD0D02BC7A52200395FC2 /* Blinker-Headline.ttf in Resources */,
				AC9FD0D12BC7A52200395FC2 /* Blinker-SemiLight.ttf in Resources */,
				AC9FD0A52BC79AFC00395FC2 /* Base in Resources */,
			);
			runOnlyForDeploymentPostprocessing = 0;
		};
/* End PBXResourcesBuildPhase section */

/* Begin PBXSourcesBuildPhase section */
		AC9FD0962BC79AFB00395FC2 /* Sources */ = {
			isa = PBXSourcesBuildPhase;
			buildActionMask = 2147483647;
			files = (
				AC9FD0E42BC7E0B200395FC2 /* ViewModelType.swift in Sources */,
				AC9FD0E92BC7EE9A00395FC2 /* SignUpViewModel.swift in Sources */,
				AC9FD0C42BC79D5000395FC2 /* SignInView.swift in Sources */,
				AC9FD0C02BC79C1C00395FC2 /* BaseViewController.swift in Sources */,
				AC9FD0DA2BC7BFE200395FC2 /* FontManager.swift in Sources */,
				AC9FD0DD2BC7C5F400395FC2 /* TextField++.swift in Sources */,
				AC9FD0E12BC7E00700395FC2 /* SignInViewModel.swift in Sources */,
				AC9FD0A22BC79AFC00395FC2 /* SignInViewController.swift in Sources */,
				AC9FD0E72BC7E51900395FC2 /* Util.swift in Sources */,
				AC9FD0DF2BC7D43C00395FC2 /* Button++.swift in Sources */,
				AC9FD09E2BC79AFC00395FC2 /* AppDelegate.swift in Sources */,
				AC9FD0A02BC79AFC00395FC2 /* SceneDelegate.swift in Sources */,
				AC9FD0BE2BC79C0400395FC2 /* BaseView.swift in Sources */,
			);
			runOnlyForDeploymentPostprocessing = 0;
		};
/* End PBXSourcesBuildPhase section */

/* Begin PBXVariantGroup section */
		AC9FD0A32BC79AFC00395FC2 /* Main.storyboard */ = {
			isa = PBXVariantGroup;
			children = (
				AC9FD0A42BC79AFC00395FC2 /* Base */,
			);
			name = Main.storyboard;
			sourceTree = "<group>";
		};
		AC9FD0A82BC79AFD00395FC2 /* LaunchScreen.storyboard */ = {
			isa = PBXVariantGroup;
			children = (
				AC9FD0A92BC79AFD00395FC2 /* Base */,
			);
			name = LaunchScreen.storyboard;
			sourceTree = "<group>";
		};
/* End PBXVariantGroup section */

/* Begin XCBuildConfiguration section */
		AC9FD0AC2BC79AFD00395FC2 /* Debug */ = {
			isa = XCBuildConfiguration;
			buildSettings = {
				ALWAYS_SEARCH_USER_PATHS = NO;
				ASSETCATALOG_COMPILER_GENERATE_SWIFT_ASSET_SYMBOL_EXTENSIONS = YES;
				CLANG_ANALYZER_NONNULL = YES;
				CLANG_ANALYZER_NUMBER_OBJECT_CONVERSION = YES_AGGRESSIVE;
				CLANG_CXX_LANGUAGE_STANDARD = "gnu++20";
				CLANG_ENABLE_MODULES = YES;
				CLANG_ENABLE_OBJC_ARC = YES;
				CLANG_ENABLE_OBJC_WEAK = YES;
				CLANG_WARN_BLOCK_CAPTURE_AUTORELEASING = YES;
				CLANG_WARN_BOOL_CONVERSION = YES;
				CLANG_WARN_COMMA = YES;
				CLANG_WARN_CONSTANT_CONVERSION = YES;
				CLANG_WARN_DEPRECATED_OBJC_IMPLEMENTATIONS = YES;
				CLANG_WARN_DIRECT_OBJC_ISA_USAGE = YES_ERROR;
				CLANG_WARN_DOCUMENTATION_COMMENTS = YES;
				CLANG_WARN_EMPTY_BODY = YES;
				CLANG_WARN_ENUM_CONVERSION = YES;
				CLANG_WARN_INFINITE_RECURSION = YES;
				CLANG_WARN_INT_CONVERSION = YES;
				CLANG_WARN_NON_LITERAL_NULL_CONVERSION = YES;
				CLANG_WARN_OBJC_IMPLICIT_RETAIN_SELF = YES;
				CLANG_WARN_OBJC_LITERAL_CONVERSION = YES;
				CLANG_WARN_OBJC_ROOT_CLASS = YES_ERROR;
				CLANG_WARN_QUOTED_INCLUDE_IN_FRAMEWORK_HEADER = YES;
				CLANG_WARN_RANGE_LOOP_ANALYSIS = YES;
				CLANG_WARN_STRICT_PROTOTYPES = YES;
				CLANG_WARN_SUSPICIOUS_MOVE = YES;
				CLANG_WARN_UNGUARDED_AVAILABILITY = YES_AGGRESSIVE;
				CLANG_WARN_UNREACHABLE_CODE = YES;
				CLANG_WARN__DUPLICATE_METHOD_MATCH = YES;
				COPY_PHASE_STRIP = NO;
				DEBUG_INFORMATION_FORMAT = dwarf;
				ENABLE_STRICT_OBJC_MSGSEND = YES;
				ENABLE_TESTABILITY = YES;
				ENABLE_USER_SCRIPT_SANDBOXING = YES;
				GCC_C_LANGUAGE_STANDARD = gnu17;
				GCC_DYNAMIC_NO_PIC = NO;
				GCC_NO_COMMON_BLOCKS = YES;
				GCC_OPTIMIZATION_LEVEL = 0;
				GCC_PREPROCESSOR_DEFINITIONS = (
					"DEBUG=1",
					"$(inherited)",
				);
				GCC_WARN_64_TO_32_BIT_CONVERSION = YES;
				GCC_WARN_ABOUT_RETURN_TYPE = YES_ERROR;
				GCC_WARN_UNDECLARED_SELECTOR = YES;
				GCC_WARN_UNINITIALIZED_AUTOS = YES_AGGRESSIVE;
				GCC_WARN_UNUSED_FUNCTION = YES;
				GCC_WARN_UNUSED_VARIABLE = YES;
				IPHONEOS_DEPLOYMENT_TARGET = 17.4;
				LOCALIZATION_PREFERS_STRING_CATALOGS = YES;
				MTL_ENABLE_DEBUG_INFO = INCLUDE_SOURCE;
				MTL_FAST_MATH = YES;
				ONLY_ACTIVE_ARCH = YES;
				SDKROOT = iphoneos;
				SWIFT_ACTIVE_COMPILATION_CONDITIONS = "DEBUG $(inherited)";
				SWIFT_OPTIMIZATION_LEVEL = "-Onone";
			};
			name = Debug;
		};
		AC9FD0AD2BC79AFD00395FC2 /* Release */ = {
			isa = XCBuildConfiguration;
			buildSettings = {
				ALWAYS_SEARCH_USER_PATHS = NO;
				ASSETCATALOG_COMPILER_GENERATE_SWIFT_ASSET_SYMBOL_EXTENSIONS = YES;
				CLANG_ANALYZER_NONNULL = YES;
				CLANG_ANALYZER_NUMBER_OBJECT_CONVERSION = YES_AGGRESSIVE;
				CLANG_CXX_LANGUAGE_STANDARD = "gnu++20";
				CLANG_ENABLE_MODULES = YES;
				CLANG_ENABLE_OBJC_ARC = YES;
				CLANG_ENABLE_OBJC_WEAK = YES;
				CLANG_WARN_BLOCK_CAPTURE_AUTORELEASING = YES;
				CLANG_WARN_BOOL_CONVERSION = YES;
				CLANG_WARN_COMMA = YES;
				CLANG_WARN_CONSTANT_CONVERSION = YES;
				CLANG_WARN_DEPRECATED_OBJC_IMPLEMENTATIONS = YES;
				CLANG_WARN_DIRECT_OBJC_ISA_USAGE = YES_ERROR;
				CLANG_WARN_DOCUMENTATION_COMMENTS = YES;
				CLANG_WARN_EMPTY_BODY = YES;
				CLANG_WARN_ENUM_CONVERSION = YES;
				CLANG_WARN_INFINITE_RECURSION = YES;
				CLANG_WARN_INT_CONVERSION = YES;
				CLANG_WARN_NON_LITERAL_NULL_CONVERSION = YES;
				CLANG_WARN_OBJC_IMPLICIT_RETAIN_SELF = YES;
				CLANG_WARN_OBJC_LITERAL_CONVERSION = YES;
				CLANG_WARN_OBJC_ROOT_CLASS = YES_ERROR;
				CLANG_WARN_QUOTED_INCLUDE_IN_FRAMEWORK_HEADER = YES;
				CLANG_WARN_RANGE_LOOP_ANALYSIS = YES;
				CLANG_WARN_STRICT_PROTOTYPES = YES;
				CLANG_WARN_SUSPICIOUS_MOVE = YES;
				CLANG_WARN_UNGUARDED_AVAILABILITY = YES_AGGRESSIVE;
				CLANG_WARN_UNREACHABLE_CODE = YES;
				CLANG_WARN__DUPLICATE_METHOD_MATCH = YES;
				COPY_PHASE_STRIP = NO;
				DEBUG_INFORMATION_FORMAT = "dwarf-with-dsym";
				ENABLE_NS_ASSERTIONS = NO;
				ENABLE_STRICT_OBJC_MSGSEND = YES;
				ENABLE_USER_SCRIPT_SANDBOXING = YES;
				GCC_C_LANGUAGE_STANDARD = gnu17;
				GCC_NO_COMMON_BLOCKS = YES;
				GCC_WARN_64_TO_32_BIT_CONVERSION = YES;
				GCC_WARN_ABOUT_RETURN_TYPE = YES_ERROR;
				GCC_WARN_UNDECLARED_SELECTOR = YES;
				GCC_WARN_UNINITIALIZED_AUTOS = YES_AGGRESSIVE;
				GCC_WARN_UNUSED_FUNCTION = YES;
				GCC_WARN_UNUSED_VARIABLE = YES;
				IPHONEOS_DEPLOYMENT_TARGET = 17.4;
				LOCALIZATION_PREFERS_STRING_CATALOGS = YES;
				MTL_ENABLE_DEBUG_INFO = NO;
				MTL_FAST_MATH = YES;
				SDKROOT = iphoneos;
				SWIFT_COMPILATION_MODE = wholemodule;
				VALIDATE_PRODUCT = YES;
			};
			name = Release;
		};
		AC9FD0AF2BC79AFD00395FC2 /* Debug */ = {
			isa = XCBuildConfiguration;
			buildSettings = {
				ASSETCATALOG_COMPILER_APPICON_NAME = AppIcon;
				ASSETCATALOG_COMPILER_GLOBAL_ACCENT_COLOR_NAME = AccentColor;
				CODE_SIGN_STYLE = Automatic;
				CURRENT_PROJECT_VERSION = 1;
				DEVELOPMENT_TEAM = 92Y6UC7Q5M;
				GENERATE_INFOPLIST_FILE = YES;
				INFOPLIST_FILE = Crewous/Info.plist;
				INFOPLIST_KEY_UIApplicationSupportsIndirectInputEvents = YES;
				INFOPLIST_KEY_UILaunchStoryboardName = LaunchScreen;
				INFOPLIST_KEY_UIMainStoryboardFile = Main;
				INFOPLIST_KEY_UISupportedInterfaceOrientations = UIInterfaceOrientationPortrait;
				INFOPLIST_KEY_UISupportedInterfaceOrientations_iPad = "UIInterfaceOrientationLandscapeLeft UIInterfaceOrientationLandscapeRight UIInterfaceOrientationPortrait UIInterfaceOrientationPortraitUpsideDown";
				IPHONEOS_DEPLOYMENT_TARGET = 16.0;
				LD_RUNPATH_SEARCH_PATHS = (
					"$(inherited)",
					"@executable_path/Frameworks",
				);
				MARKETING_VERSION = 1.0;
				PRODUCT_BUNDLE_IDENTIFIER = com.donotinto.Crewous;
				PRODUCT_NAME = "$(TARGET_NAME)";
				SUPPORTED_PLATFORMS = "iphoneos iphonesimulator";
				SUPPORTS_MACCATALYST = NO;
				SUPPORTS_MAC_DESIGNED_FOR_IPHONE_IPAD = NO;
				SUPPORTS_XR_DESIGNED_FOR_IPHONE_IPAD = NO;
				SWIFT_EMIT_LOC_STRINGS = YES;
				SWIFT_VERSION = 5.0;
				TARGETED_DEVICE_FAMILY = 1;
			};
			name = Debug;
		};
		AC9FD0B02BC79AFD00395FC2 /* Release */ = {
			isa = XCBuildConfiguration;
			buildSettings = {
				ASSETCATALOG_COMPILER_APPICON_NAME = AppIcon;
				ASSETCATALOG_COMPILER_GLOBAL_ACCENT_COLOR_NAME = AccentColor;
				CODE_SIGN_STYLE = Automatic;
				CURRENT_PROJECT_VERSION = 1;
				DEVELOPMENT_TEAM = 92Y6UC7Q5M;
				GENERATE_INFOPLIST_FILE = YES;
				INFOPLIST_FILE = Crewous/Info.plist;
				INFOPLIST_KEY_UIApplicationSupportsIndirectInputEvents = YES;
				INFOPLIST_KEY_UILaunchStoryboardName = LaunchScreen;
				INFOPLIST_KEY_UIMainStoryboardFile = Main;
				INFOPLIST_KEY_UISupportedInterfaceOrientations = UIInterfaceOrientationPortrait;
				INFOPLIST_KEY_UISupportedInterfaceOrientations_iPad = "UIInterfaceOrientationLandscapeLeft UIInterfaceOrientationLandscapeRight UIInterfaceOrientationPortrait UIInterfaceOrientationPortraitUpsideDown";
				IPHONEOS_DEPLOYMENT_TARGET = 16.0;
				LD_RUNPATH_SEARCH_PATHS = (
					"$(inherited)",
					"@executable_path/Frameworks",
				);
				MARKETING_VERSION = 1.0;
				PRODUCT_BUNDLE_IDENTIFIER = com.donotinto.Crewous;
				PRODUCT_NAME = "$(TARGET_NAME)";
				SUPPORTED_PLATFORMS = "iphoneos iphonesimulator";
				SUPPORTS_MACCATALYST = NO;
				SUPPORTS_MAC_DESIGNED_FOR_IPHONE_IPAD = NO;
				SUPPORTS_XR_DESIGNED_FOR_IPHONE_IPAD = NO;
				SWIFT_EMIT_LOC_STRINGS = YES;
				SWIFT_VERSION = 5.0;
				TARGETED_DEVICE_FAMILY = 1;
			};
			name = Release;
		};
/* End XCBuildConfiguration section */

/* Begin XCConfigurationList section */
		AC9FD0952BC79AFB00395FC2 /* Build configuration list for PBXProject "Crewous" */ = {
			isa = XCConfigurationList;
			buildConfigurations = (
				AC9FD0AC2BC79AFD00395FC2 /* Debug */,
				AC9FD0AD2BC79AFD00395FC2 /* Release */,
			);
			defaultConfigurationIsVisible = 0;
			defaultConfigurationName = Release;
		};
		AC9FD0AE2BC79AFD00395FC2 /* Build configuration list for PBXNativeTarget "Crewous" */ = {
			isa = XCConfigurationList;
			buildConfigurations = (
				AC9FD0AF2BC79AFD00395FC2 /* Debug */,
				AC9FD0B02BC79AFD00395FC2 /* Release */,
			);
			defaultConfigurationIsVisible = 0;
			defaultConfigurationName = Release;
		};
/* End XCConfigurationList section */

/* Begin XCRemoteSwiftPackageReference section */
		AC9FD0B12BC79B4500395FC2 /* XCRemoteSwiftPackageReference "Alamofire" */ = {
			isa = XCRemoteSwiftPackageReference;
			repositoryURL = "https://github.com/Alamofire/Alamofire.git";
			requirement = {
				kind = upToNextMajorVersion;
				minimumVersion = 5.9.1;
			};
		};
		AC9FD0B42BC79B6100395FC2 /* XCRemoteSwiftPackageReference "RxSwift" */ = {
			isa = XCRemoteSwiftPackageReference;
			repositoryURL = "https://github.com/ReactiveX/RxSwift.git";
			requirement = {
				kind = upToNextMajorVersion;
				minimumVersion = 6.6.0;
			};
		};
		AC9FD0B92BC79B7700395FC2 /* XCRemoteSwiftPackageReference "SnapKit" */ = {
			isa = XCRemoteSwiftPackageReference;
			repositoryURL = "https://github.com/SnapKit/SnapKit";
			requirement = {
				kind = upToNextMajorVersion;
				minimumVersion = 5.7.1;
			};
		};
/* End XCRemoteSwiftPackageReference section */

/* Begin XCSwiftPackageProductDependency section */
		AC9FD0B22BC79B4500395FC2 /* Alamofire */ = {
			isa = XCSwiftPackageProductDependency;
			package = AC9FD0B12BC79B4500395FC2 /* XCRemoteSwiftPackageReference "Alamofire" */;
			productName = Alamofire;
		};
		AC9FD0B52BC79B6100395FC2 /* RxCocoa */ = {
			isa = XCSwiftPackageProductDependency;
			package = AC9FD0B42BC79B6100395FC2 /* XCRemoteSwiftPackageReference "RxSwift" */;
			productName = RxCocoa;
		};
		AC9FD0B72BC79B6100395FC2 /* RxSwift */ = {
			isa = XCSwiftPackageProductDependency;
			package = AC9FD0B42BC79B6100395FC2 /* XCRemoteSwiftPackageReference "RxSwift" */;
			productName = RxSwift;
		};
		AC9FD0BA2BC79B7700395FC2 /* SnapKit */ = {
			isa = XCSwiftPackageProductDependency;
			package = AC9FD0B92BC79B7700395FC2 /* XCRemoteSwiftPackageReference "SnapKit" */;
			productName = SnapKit;
		};
/* End XCSwiftPackageProductDependency section */
	};
	rootObject = AC9FD0922BC79AFB00395FC2 /* Project object */;
}
