// !$*UTF8*$!
{
	archiveVersion = 1;
	classes = {
	};
	objectVersion = 56;
	objects = {

/* Begin PBXBuildFile section */
		AC3264F32BD37FF300531BC1 /* CrewContentView.swift in Sources */ = {isa = PBXBuildFile; fileRef = AC3264F22BD37FF300531BC1 /* CrewContentView.swift */; };
		AC3264F52BD3800800531BC1 /* CrewContentViewController.swift in Sources */ = {isa = PBXBuildFile; fileRef = AC3264F42BD3800800531BC1 /* CrewContentViewController.swift */; };
		AC3264F72BD3813000531BC1 /* CrewContentCompositional.swift in Sources */ = {isa = PBXBuildFile; fileRef = AC3264F62BD3813000531BC1 /* CrewContentCompositional.swift */; };
		AC3264FA2BD389CD00531BC1 /* ContentPageViewController.swift in Sources */ = {isa = PBXBuildFile; fileRef = AC3264F92BD389CD00531BC1 /* ContentPageViewController.swift */; };
		AC3264FC2BD38B1800531BC1 /* CrewContentCollectionViewCell.swift in Sources */ = {isa = PBXBuildFile; fileRef = AC3264FB2BD38B1800531BC1 /* CrewContentCollectionViewCell.swift */; };
		AC3265002BD38F3A00531BC1 /* InfoPageViewController.swift in Sources */ = {isa = PBXBuildFile; fileRef = AC3264FF2BD38F3A00531BC1 /* InfoPageViewController.swift */; };
		AC3265022BD38F4600531BC1 /* InfoPageView.swift in Sources */ = {isa = PBXBuildFile; fileRef = AC3265012BD38F4600531BC1 /* InfoPageView.swift */; };
		AC3265042BD38F7000531BC1 /* MemberPageView.swift in Sources */ = {isa = PBXBuildFile; fileRef = AC3265032BD38F7000531BC1 /* MemberPageView.swift */; };
		AC3265062BD38F7F00531BC1 /* MemberPageViewController.swift in Sources */ = {isa = PBXBuildFile; fileRef = AC3265052BD38F7F00531BC1 /* MemberPageViewController.swift */; };
		AC3265082BD3A2CA00531BC1 /* CrewDetailViewModel.swift in Sources */ = {isa = PBXBuildFile; fileRef = AC3265072BD3A2CA00531BC1 /* CrewDetailViewModel.swift */; };
		AC32650A2BD4F82000531BC1 /* CrewContentViewModel.swift in Sources */ = {isa = PBXBuildFile; fileRef = AC3265092BD4F82000531BC1 /* CrewContentViewModel.swift */; };
		AC32650C2BD4FB5700531BC1 /* ContentPageViewModel.swift in Sources */ = {isa = PBXBuildFile; fileRef = AC32650B2BD4FB5700531BC1 /* ContentPageViewModel.swift */; };
		AC32650E2BD5002100531BC1 /* InfoPageViewModel.swift in Sources */ = {isa = PBXBuildFile; fileRef = AC32650D2BD5002100531BC1 /* InfoPageViewModel.swift */; };
		AC3265102BD5004000531BC1 /* MemberPageViewModel.swift in Sources */ = {isa = PBXBuildFile; fileRef = AC32650F2BD5004000531BC1 /* MemberPageViewModel.swift */; };
		AC3265122BD5050D00531BC1 /* NSObject++.swift in Sources */ = {isa = PBXBuildFile; fileRef = AC3265112BD5050D00531BC1 /* NSObject++.swift */; };
		AC3265152BD5320D00531BC1 /* PageDelegate.swift in Sources */ = {isa = PBXBuildFile; fileRef = AC3265142BD5320D00531BC1 /* PageDelegate.swift */; };
		AC3265172BD54B5800531BC1 /* InfoPageTableViewCell.swift in Sources */ = {isa = PBXBuildFile; fileRef = AC3265162BD54B5800531BC1 /* InfoPageTableViewCell.swift */; };
		AC3265192BD550F700531BC1 /* MemberPageTableViewCell.swift in Sources */ = {isa = PBXBuildFile; fileRef = AC3265182BD550F700531BC1 /* MemberPageTableViewCell.swift */; };
		AC3265342BD76ECF00531BC1 /* SearchViewController.swift in Sources */ = {isa = PBXBuildFile; fileRef = AC3265332BD76ECF00531BC1 /* SearchViewController.swift */; };
		AC3265362BD76EF100531BC1 /* SearchView.swift in Sources */ = {isa = PBXBuildFile; fileRef = AC3265352BD76EF100531BC1 /* SearchView.swift */; };
		AC3265452BD79E2300531BC1 /* SearchViewModel.swift in Sources */ = {isa = PBXBuildFile; fileRef = AC3265442BD79E2300531BC1 /* SearchViewModel.swift */; };
		AC3265472BD7A19400531BC1 /* FetchCrewQuery.swift in Sources */ = {isa = PBXBuildFile; fileRef = AC3265462BD7A19400531BC1 /* FetchCrewQuery.swift */; };
		AC3265492BD7A2A200531BC1 /* FetchCrewDataModel.swift in Sources */ = {isa = PBXBuildFile; fileRef = AC3265482BD7A2A200531BC1 /* FetchCrewDataModel.swift */; };
		AC32654B2BD7C52700531BC1 /* Like2Query.swift in Sources */ = {isa = PBXBuildFile; fileRef = AC32654A2BD7C52700531BC1 /* Like2Query.swift */; };
		AC5A7A9F2BE0A67D00A13991 /* Differentiator in Frameworks */ = {isa = PBXBuildFile; productRef = AC5A7A9E2BE0A67D00A13991 /* Differentiator */; };
		AC5A7AA12BE0A67D00A13991 /* RxDataSources in Frameworks */ = {isa = PBXBuildFile; productRef = AC5A7AA02BE0A67D00A13991 /* RxDataSources */; };
		AC5A7AB42BE21D0200A13991 /* iamport-ios in Frameworks */ = {isa = PBXBuildFile; productRef = AC5A7AB32BE21D0200A13991 /* iamport-ios */; };
		AC5A7AB62BE21F6600A13991 /* PaymentManager.swift in Sources */ = {isa = PBXBuildFile; fileRef = AC5A7AB52BE21F6600A13991 /* PaymentManager.swift */; };
		AC5A7ABB2BE230EC00A13991 /* PayViewController.swift in Sources */ = {isa = PBXBuildFile; fileRef = AC5A7ABA2BE230EC00A13991 /* PayViewController.swift */; };
		AC5A7ABD2BE2310300A13991 /* PayView.swift in Sources */ = {isa = PBXBuildFile; fileRef = AC5A7ABC2BE2310300A13991 /* PayView.swift */; };
		AC5A7ABF2BE2393200A13991 /* PayViewModel.swift in Sources */ = {isa = PBXBuildFile; fileRef = AC5A7ABE2BE2393200A13991 /* PayViewModel.swift */; };
		AC5A7AC12BE23C3700A13991 /* PayDelegate.swift in Sources */ = {isa = PBXBuildFile; fileRef = AC5A7AC02BE23C3700A13991 /* PayDelegate.swift */; };
		AC5A7AC32BE2416300A13991 /* PaymentValidationQuery.swift in Sources */ = {isa = PBXBuildFile; fileRef = AC5A7AC22BE2416300A13991 /* PaymentValidationQuery.swift */; };
		AC5A7AC52BE241B900A13991 /* NoneDataModel.swift in Sources */ = {isa = PBXBuildFile; fileRef = AC5A7AC42BE241B900A13991 /* NoneDataModel.swift */; };
		AC5A7ACB2BE34EA200A13991 /* SettingViewModel.swift in Sources */ = {isa = PBXBuildFile; fileRef = AC5A7ACA2BE34EA200A13991 /* SettingViewModel.swift */; };
		AC5A7ACD2BE36EF600A13991 /* SettingTableViewCell.swift in Sources */ = {isa = PBXBuildFile; fileRef = AC5A7ACC2BE36EF600A13991 /* SettingTableViewCell.swift */; };
		AC5A7ACF2BE37EE900A13991 /* SettingTableHeaderView.swift in Sources */ = {isa = PBXBuildFile; fileRef = AC5A7ACE2BE37EE900A13991 /* SettingTableHeaderView.swift */; };
		AC5A7AD12BE39BA700A13991 /* HotCrewCollectionViewCell.swift in Sources */ = {isa = PBXBuildFile; fileRef = AC5A7AD02BE39BA700A13991 /* HotCrewCollectionViewCell.swift */; };
		AC5A7AD32BE3B36000A13991 /* HotCrewCollectionReusableView.swift in Sources */ = {isa = PBXBuildFile; fileRef = AC5A7AD22BE3B36000A13991 /* HotCrewCollectionReusableView.swift */; };
		AC9FD09E2BC79AFC00395FC2 /* AppDelegate.swift in Sources */ = {isa = PBXBuildFile; fileRef = AC9FD09D2BC79AFC00395FC2 /* AppDelegate.swift */; };
		AC9FD0A02BC79AFC00395FC2 /* SceneDelegate.swift in Sources */ = {isa = PBXBuildFile; fileRef = AC9FD09F2BC79AFC00395FC2 /* SceneDelegate.swift */; };
		AC9FD0A22BC79AFC00395FC2 /* SignInViewController.swift in Sources */ = {isa = PBXBuildFile; fileRef = AC9FD0A12BC79AFC00395FC2 /* SignInViewController.swift */; };
		AC9FD0A52BC79AFC00395FC2 /* Base in Resources */ = {isa = PBXBuildFile; fileRef = AC9FD0A42BC79AFC00395FC2 /* Base */; };
		AC9FD0A72BC79AFD00395FC2 /* Assets.xcassets in Resources */ = {isa = PBXBuildFile; fileRef = AC9FD0A62BC79AFD00395FC2 /* Assets.xcassets */; };
		AC9FD0AA2BC79AFD00395FC2 /* Base in Resources */ = {isa = PBXBuildFile; fileRef = AC9FD0A92BC79AFD00395FC2 /* Base */; };
		AC9FD0B32BC79B4500395FC2 /* Alamofire in Frameworks */ = {isa = PBXBuildFile; productRef = AC9FD0B22BC79B4500395FC2 /* Alamofire */; };
		AC9FD0B62BC79B6100395FC2 /* RxCocoa in Frameworks */ = {isa = PBXBuildFile; productRef = AC9FD0B52BC79B6100395FC2 /* RxCocoa */; };
		AC9FD0B82BC79B6100395FC2 /* RxSwift in Frameworks */ = {isa = PBXBuildFile; productRef = AC9FD0B72BC79B6100395FC2 /* RxSwift */; };
		AC9FD0BB2BC79B7700395FC2 /* SnapKit in Frameworks */ = {isa = PBXBuildFile; productRef = AC9FD0BA2BC79B7700395FC2 /* SnapKit */; };
		AC9FD0BE2BC79C0400395FC2 /* BaseView.swift in Sources */ = {isa = PBXBuildFile; fileRef = AC9FD0BD2BC79C0400395FC2 /* BaseView.swift */; };
		AC9FD0C02BC79C1C00395FC2 /* BaseViewController.swift in Sources */ = {isa = PBXBuildFile; fileRef = AC9FD0BF2BC79C1C00395FC2 /* BaseViewController.swift */; };
		AC9FD0C42BC79D5000395FC2 /* SignInView.swift in Sources */ = {isa = PBXBuildFile; fileRef = AC9FD0C32BC79D5000395FC2 /* SignInView.swift */; };
		AC9FD0D02BC7A52200395FC2 /* Blinker-Headline.ttf in Resources */ = {isa = PBXBuildFile; fileRef = AC9FD0C72BC7A52200395FC2 /* Blinker-Headline.ttf */; };
		AC9FD0D12BC7A52200395FC2 /* Blinker-SemiLight.ttf in Resources */ = {isa = PBXBuildFile; fileRef = AC9FD0C82BC7A52200395FC2 /* Blinker-SemiLight.ttf */; };
		AC9FD0D22BC7A52200395FC2 /* Blinker-Black.ttf in Resources */ = {isa = PBXBuildFile; fileRef = AC9FD0C92BC7A52200395FC2 /* Blinker-Black.ttf */; };
		AC9FD0D32BC7A52200395FC2 /* Blinker-Regular.ttf in Resources */ = {isa = PBXBuildFile; fileRef = AC9FD0CA2BC7A52200395FC2 /* Blinker-Regular.ttf */; };
		AC9FD0D42BC7A52200395FC2 /* Blinker-SemiBold.ttf in Resources */ = {isa = PBXBuildFile; fileRef = AC9FD0CB2BC7A52200395FC2 /* Blinker-SemiBold.ttf */; };
		AC9FD0D52BC7A52200395FC2 /* Blinker-Thin.ttf in Resources */ = {isa = PBXBuildFile; fileRef = AC9FD0CC2BC7A52200395FC2 /* Blinker-Thin.ttf */; };
		AC9FD0D62BC7A52200395FC2 /* Blinker-Bold.ttf in Resources */ = {isa = PBXBuildFile; fileRef = AC9FD0CD2BC7A52200395FC2 /* Blinker-Bold.ttf */; };
		AC9FD0D72BC7A52200395FC2 /* Blinker-Light.ttf in Resources */ = {isa = PBXBuildFile; fileRef = AC9FD0CE2BC7A52200395FC2 /* Blinker-Light.ttf */; };
		AC9FD0D82BC7A52200395FC2 /* Blinker-ExtraBold.ttf in Resources */ = {isa = PBXBuildFile; fileRef = AC9FD0CF2BC7A52200395FC2 /* Blinker-ExtraBold.ttf */; };
		AC9FD0DA2BC7BFE200395FC2 /* FontManager.swift in Sources */ = {isa = PBXBuildFile; fileRef = AC9FD0D92BC7BFE200395FC2 /* FontManager.swift */; };
		AC9FD0DD2BC7C5F400395FC2 /* TextField++.swift in Sources */ = {isa = PBXBuildFile; fileRef = AC9FD0DC2BC7C5F400395FC2 /* TextField++.swift */; };
		AC9FD0DF2BC7D43C00395FC2 /* Button++.swift in Sources */ = {isa = PBXBuildFile; fileRef = AC9FD0DE2BC7D43C00395FC2 /* Button++.swift */; };
		AC9FD0E12BC7E00700395FC2 /* SignInViewModel.swift in Sources */ = {isa = PBXBuildFile; fileRef = AC9FD0E02BC7E00700395FC2 /* SignInViewModel.swift */; };
		AC9FD0E42BC7E0B200395FC2 /* ViewModelType.swift in Sources */ = {isa = PBXBuildFile; fileRef = AC9FD0E32BC7E0B200395FC2 /* ViewModelType.swift */; };
		AC9FD0E72BC7E51900395FC2 /* Util.swift in Sources */ = {isa = PBXBuildFile; fileRef = AC9FD0E62BC7E51900395FC2 /* Util.swift */; };
		AC9FD0E92BC7EE9A00395FC2 /* SignUpViewModel.swift in Sources */ = {isa = PBXBuildFile; fileRef = AC9FD0E82BC7EE9A00395FC2 /* SignUpViewModel.swift */; };
		AC9FD0ED2BC7F8C100395FC2 /* APIKey.swift in Sources */ = {isa = PBXBuildFile; fileRef = AC9FD0EC2BC7F8C100395FC2 /* APIKey.swift */; };
		AC9FD0EF2BC7FEDC00395FC2 /* RouterType.swift in Sources */ = {isa = PBXBuildFile; fileRef = AC9FD0EE2BC7FEDC00395FC2 /* RouterType.swift */; };
		AC9FD0F32BC8006A00395FC2 /* Router.swift in Sources */ = {isa = PBXBuildFile; fileRef = AC9FD0F22BC8006A00395FC2 /* Router.swift */; };
		AC9FD0F62BC804C200395FC2 /* SignInQuery.swift in Sources */ = {isa = PBXBuildFile; fileRef = AC9FD0F52BC804C200395FC2 /* SignInQuery.swift */; };
		AC9FD0F82BC805C700395FC2 /* APIManager.swift in Sources */ = {isa = PBXBuildFile; fileRef = AC9FD0F72BC805C700395FC2 /* APIManager.swift */; };
		AC9FD0FB2BC80AE300395FC2 /* SignInDataModel.swift in Sources */ = {isa = PBXBuildFile; fileRef = AC9FD0FA2BC80AE300395FC2 /* SignInDataModel.swift */; };
		AC9FD0FD2BC813CF00395FC2 /* APIError.swift in Sources */ = {isa = PBXBuildFile; fileRef = AC9FD0FC2BC813CF00395FC2 /* APIError.swift */; };
		AC9FD1002BC8222A00395FC2 /* UserDefaultsManager.swift in Sources */ = {isa = PBXBuildFile; fileRef = AC9FD0FF2BC8222A00395FC2 /* UserDefaultsManager.swift */; };
		ACA194912BD9319C006CFBE3 /* SearchTableViewCell.swift in Sources */ = {isa = PBXBuildFile; fileRef = ACA194902BD9319C006CFBE3 /* SearchTableViewCell.swift */; };
		ACBD68342BDC04B10077C6FC /* CommentViewController.swift in Sources */ = {isa = PBXBuildFile; fileRef = ACBD68332BDC04B10077C6FC /* CommentViewController.swift */; };
		ACBD68362BDC04BA0077C6FC /* CommentView.swift in Sources */ = {isa = PBXBuildFile; fileRef = ACBD68352BDC04BA0077C6FC /* CommentView.swift */; };
		ACBD68382BDCC2D10077C6FC /* CommentViewModel.swift in Sources */ = {isa = PBXBuildFile; fileRef = ACBD68372BDCC2D10077C6FC /* CommentViewModel.swift */; };
		ACBD683A2BDCC85C0077C6FC /* CommentTableViewCell.swift in Sources */ = {isa = PBXBuildFile; fileRef = ACBD68392BDCC85C0077C6FC /* CommentTableViewCell.swift */; };
		ACBD683C2BDCD00F0077C6FC /* CommentQuery.swift in Sources */ = {isa = PBXBuildFile; fileRef = ACBD683B2BDCD00F0077C6FC /* CommentQuery.swift */; };
		ACBD683F2BDE9D030077C6FC /* YPImagePicker in Frameworks */ = {isa = PBXBuildFile; productRef = ACBD683E2BDE9D030077C6FC /* YPImagePicker */; };
		ACBD68A82BDF6F7C0077C6FC /* UpdateProfileQuery.swift in Sources */ = {isa = PBXBuildFile; fileRef = ACBD68A72BDF6F7C0077C6FC /* UpdateProfileQuery.swift */; };
		ACBD68AA2BDF828E0077C6FC /* UploadImageQuery.swift in Sources */ = {isa = PBXBuildFile; fileRef = ACBD68A92BDF828E0077C6FC /* UploadImageQuery.swift */; };
		ACBD68AD2BDFC87D0077C6FC /* SettingViewController.swift in Sources */ = {isa = PBXBuildFile; fileRef = ACBD68AC2BDFC87D0077C6FC /* SettingViewController.swift */; };
		ACBD68AF2BDFC8850077C6FC /* SettingView.swift in Sources */ = {isa = PBXBuildFile; fileRef = ACBD68AE2BDFC8850077C6FC /* SettingView.swift */; };
		ACBD68B12BDFD5F70077C6FC /* HotCrewCompositional.swift in Sources */ = {isa = PBXBuildFile; fileRef = ACBD68B02BDFD5F70077C6FC /* HotCrewCompositional.swift */; };
		ACDF67A52BC90BAA0046766B /* SignUpView.swift in Sources */ = {isa = PBXBuildFile; fileRef = ACDF67A42BC90BAA0046766B /* SignUpView.swift */; };
		ACDF67A72BC90BBC0046766B /* SignUpViewController.swift in Sources */ = {isa = PBXBuildFile; fileRef = ACDF67A62BC90BBC0046766B /* SignUpViewController.swift */; };
		ACDF67A92BC94DE60046766B /* SignUpQuery.swift in Sources */ = {isa = PBXBuildFile; fileRef = ACDF67A82BC94DE60046766B /* SignUpQuery.swift */; };
		ACDF67AB2BCA31540046766B /* SignUpDataModel.swift in Sources */ = {isa = PBXBuildFile; fileRef = ACDF67AA2BCA31540046766B /* SignUpDataModel.swift */; };
		ACDF67AE2BCAAD090046766B /* StatsViewController.swift in Sources */ = {isa = PBXBuildFile; fileRef = ACDF67AD2BCAAD090046766B /* StatsViewController.swift */; };
		ACDF67B02BCAAD140046766B /* StatsView.swift in Sources */ = {isa = PBXBuildFile; fileRef = ACDF67AF2BCAAD140046766B /* StatsView.swift */; };
		ACDF67B52BCB238B0046766B /* Label++.swift in Sources */ = {isa = PBXBuildFile; fileRef = ACDF67B42BCB238B0046766B /* Label++.swift */; };
		ACDF67B72BCB26410046766B /* StatsViewModel.swift in Sources */ = {isa = PBXBuildFile; fileRef = ACDF67B62BCB26410046766B /* StatsViewModel.swift */; };
		ACDF67B92BCB2A570046766B /* FetchUserDataModel.swift in Sources */ = {isa = PBXBuildFile; fileRef = ACDF67B82BCB2A570046766B /* FetchUserDataModel.swift */; };
		ACDF67BB2BCB2E100046766B /* RxSwift++.swift in Sources */ = {isa = PBXBuildFile; fileRef = ACDF67BA2BCB2E100046766B /* RxSwift++.swift */; };
		ACDF67BD2BCBE7040046766B /* RefreshDataModel.swift in Sources */ = {isa = PBXBuildFile; fileRef = ACDF67BC2BCBE7040046766B /* RefreshDataModel.swift */; };
		ACDF67E12BCD14920046766B /* MyCrewViewController.swift in Sources */ = {isa = PBXBuildFile; fileRef = ACDF67E02BCD14920046766B /* MyCrewViewController.swift */; };
		ACDF67E32BCD14A00046766B /* MyCrewView.swift in Sources */ = {isa = PBXBuildFile; fileRef = ACDF67E22BCD14A00046766B /* MyCrewView.swift */; };
		ACDF67E52BCD165F0046766B /* WithoutCrewViewController.swift in Sources */ = {isa = PBXBuildFile; fileRef = ACDF67E42BCD165F0046766B /* WithoutCrewViewController.swift */; };
		ACDF67E72BCD166B0046766B /* WithoutCrewView.swift in Sources */ = {isa = PBXBuildFile; fileRef = ACDF67E62BCD166B0046766B /* WithoutCrewView.swift */; };
		ACDF67E92BCD34790046766B /* FetchMyCrewDataModel.swift in Sources */ = {isa = PBXBuildFile; fileRef = ACDF67E82BCD34790046766B /* FetchMyCrewDataModel.swift */; };
		ACDF67EC2BCD6A750046766B /* CrewDetailView.swift in Sources */ = {isa = PBXBuildFile; fileRef = ACDF67EB2BCD6A750046766B /* CrewDetailView.swift */; };
		ACDF67EE2BCD6A860046766B /* CrewDetailViewController.swift in Sources */ = {isa = PBXBuildFile; fileRef = ACDF67ED2BCD6A860046766B /* CrewDetailViewController.swift */; };
		ACDF67F42BCD74700046766B /* MakeCrewViewController.swift in Sources */ = {isa = PBXBuildFile; fileRef = ACDF67F32BCD74700046766B /* MakeCrewViewController.swift */; };
		ACDF67F62BCD74790046766B /* MakeCrewView.swift in Sources */ = {isa = PBXBuildFile; fileRef = ACDF67F52BCD74790046766B /* MakeCrewView.swift */; };
		ACDF67F82BCD74990046766B /* MakeCrewViewModel.swift in Sources */ = {isa = PBXBuildFile; fileRef = ACDF67F72BCD74990046766B /* MakeCrewViewModel.swift */; };
		ACDF68082BCE81960046766B /* UploadImageDataModel.swift in Sources */ = {isa = PBXBuildFile; fileRef = ACDF68072BCE81960046766B /* UploadImageDataModel.swift */; };
		ACDF680A2BCE96440046766B /* Image++.swift in Sources */ = {isa = PBXBuildFile; fileRef = ACDF68092BCE96440046766B /* Image++.swift */; };
		ACDF680C2BCE980B0046766B /* MakeCrewQuery.swift in Sources */ = {isa = PBXBuildFile; fileRef = ACDF680B2BCE980B0046766B /* MakeCrewQuery.swift */; };
		ACDF68182BD001620046766B /* Like2DataModel.swift in Sources */ = {isa = PBXBuildFile; fileRef = ACDF68172BD001620046766B /* Like2DataModel.swift */; };
		ACDF681A2BD015700046766B /* WithDrawDataModel.swift in Sources */ = {isa = PBXBuildFile; fileRef = ACDF68192BD015700046766B /* WithDrawDataModel.swift */; };
		ACDF682A2BD0FCD60046766B /* APIInterceptor.swift in Sources */ = {isa = PBXBuildFile; fileRef = ACDF68292BD0FCD60046766B /* APIInterceptor.swift */; };
		ACDF682C2BD132240046766B /* MyCrewViewModel.swift in Sources */ = {isa = PBXBuildFile; fileRef = ACDF682B2BD132240046766B /* MyCrewViewModel.swift */; };
		ACF18F612BD13F94002C0548 /* Kingfisher in Frameworks */ = {isa = PBXBuildFile; productRef = ACF18F602BD13F94002C0548 /* Kingfisher */; };
		ACF18F632BD14860002C0548 /* ImageView++.swift in Sources */ = {isa = PBXBuildFile; fileRef = ACF18F622BD14860002C0548 /* ImageView++.swift */; };
/* End PBXBuildFile section */

/* Begin PBXFileReference section */
		AC3264F22BD37FF300531BC1 /* CrewContentView.swift */ = {isa = PBXFileReference; lastKnownFileType = sourcecode.swift; path = CrewContentView.swift; sourceTree = "<group>"; };
		AC3264F42BD3800800531BC1 /* CrewContentViewController.swift */ = {isa = PBXFileReference; lastKnownFileType = sourcecode.swift; path = CrewContentViewController.swift; sourceTree = "<group>"; };
		AC3264F62BD3813000531BC1 /* CrewContentCompositional.swift */ = {isa = PBXFileReference; lastKnownFileType = sourcecode.swift; path = CrewContentCompositional.swift; sourceTree = "<group>"; };
		AC3264F92BD389CD00531BC1 /* ContentPageViewController.swift */ = {isa = PBXFileReference; lastKnownFileType = sourcecode.swift; path = ContentPageViewController.swift; sourceTree = "<group>"; };
		AC3264FB2BD38B1800531BC1 /* CrewContentCollectionViewCell.swift */ = {isa = PBXFileReference; lastKnownFileType = sourcecode.swift; path = CrewContentCollectionViewCell.swift; sourceTree = "<group>"; };
		AC3264FF2BD38F3A00531BC1 /* InfoPageViewController.swift */ = {isa = PBXFileReference; lastKnownFileType = sourcecode.swift; path = InfoPageViewController.swift; sourceTree = "<group>"; };
		AC3265012BD38F4600531BC1 /* InfoPageView.swift */ = {isa = PBXFileReference; lastKnownFileType = sourcecode.swift; path = InfoPageView.swift; sourceTree = "<group>"; };
		AC3265032BD38F7000531BC1 /* MemberPageView.swift */ = {isa = PBXFileReference; lastKnownFileType = sourcecode.swift; path = MemberPageView.swift; sourceTree = "<group>"; };
		AC3265052BD38F7F00531BC1 /* MemberPageViewController.swift */ = {isa = PBXFileReference; lastKnownFileType = sourcecode.swift; path = MemberPageViewController.swift; sourceTree = "<group>"; };
		AC3265072BD3A2CA00531BC1 /* CrewDetailViewModel.swift */ = {isa = PBXFileReference; lastKnownFileType = sourcecode.swift; path = CrewDetailViewModel.swift; sourceTree = "<group>"; };
		AC3265092BD4F82000531BC1 /* CrewContentViewModel.swift */ = {isa = PBXFileReference; lastKnownFileType = sourcecode.swift; path = CrewContentViewModel.swift; sourceTree = "<group>"; };
		AC32650B2BD4FB5700531BC1 /* ContentPageViewModel.swift */ = {isa = PBXFileReference; lastKnownFileType = sourcecode.swift; path = ContentPageViewModel.swift; sourceTree = "<group>"; };
		AC32650D2BD5002100531BC1 /* InfoPageViewModel.swift */ = {isa = PBXFileReference; lastKnownFileType = sourcecode.swift; path = InfoPageViewModel.swift; sourceTree = "<group>"; };
		AC32650F2BD5004000531BC1 /* MemberPageViewModel.swift */ = {isa = PBXFileReference; lastKnownFileType = sourcecode.swift; path = MemberPageViewModel.swift; sourceTree = "<group>"; };
		AC3265112BD5050D00531BC1 /* NSObject++.swift */ = {isa = PBXFileReference; lastKnownFileType = sourcecode.swift; path = "NSObject++.swift"; sourceTree = "<group>"; };
		AC3265142BD5320D00531BC1 /* PageDelegate.swift */ = {isa = PBXFileReference; lastKnownFileType = sourcecode.swift; path = PageDelegate.swift; sourceTree = "<group>"; };
		AC3265162BD54B5800531BC1 /* InfoPageTableViewCell.swift */ = {isa = PBXFileReference; lastKnownFileType = sourcecode.swift; path = InfoPageTableViewCell.swift; sourceTree = "<group>"; };
		AC3265182BD550F700531BC1 /* MemberPageTableViewCell.swift */ = {isa = PBXFileReference; lastKnownFileType = sourcecode.swift; path = MemberPageTableViewCell.swift; sourceTree = "<group>"; };
		AC3265332BD76ECF00531BC1 /* SearchViewController.swift */ = {isa = PBXFileReference; lastKnownFileType = sourcecode.swift; path = SearchViewController.swift; sourceTree = "<group>"; };
		AC3265352BD76EF100531BC1 /* SearchView.swift */ = {isa = PBXFileReference; lastKnownFileType = sourcecode.swift; path = SearchView.swift; sourceTree = "<group>"; };
		AC3265442BD79E2300531BC1 /* SearchViewModel.swift */ = {isa = PBXFileReference; lastKnownFileType = sourcecode.swift; path = SearchViewModel.swift; sourceTree = "<group>"; };
		AC3265462BD7A19400531BC1 /* FetchCrewQuery.swift */ = {isa = PBXFileReference; lastKnownFileType = sourcecode.swift; path = FetchCrewQuery.swift; sourceTree = "<group>"; };
		AC3265482BD7A2A200531BC1 /* FetchCrewDataModel.swift */ = {isa = PBXFileReference; lastKnownFileType = sourcecode.swift; path = FetchCrewDataModel.swift; sourceTree = "<group>"; };
		AC32654A2BD7C52700531BC1 /* Like2Query.swift */ = {isa = PBXFileReference; lastKnownFileType = sourcecode.swift; path = Like2Query.swift; sourceTree = "<group>"; };
		AC5A7AB52BE21F6600A13991 /* PaymentManager.swift */ = {isa = PBXFileReference; lastKnownFileType = sourcecode.swift; path = PaymentManager.swift; sourceTree = "<group>"; };
		AC5A7ABA2BE230EC00A13991 /* PayViewController.swift */ = {isa = PBXFileReference; lastKnownFileType = sourcecode.swift; path = PayViewController.swift; sourceTree = "<group>"; };
		AC5A7ABC2BE2310300A13991 /* PayView.swift */ = {isa = PBXFileReference; lastKnownFileType = sourcecode.swift; path = PayView.swift; sourceTree = "<group>"; };
		AC5A7ABE2BE2393200A13991 /* PayViewModel.swift */ = {isa = PBXFileReference; lastKnownFileType = sourcecode.swift; path = PayViewModel.swift; sourceTree = "<group>"; };
		AC5A7AC02BE23C3700A13991 /* PayDelegate.swift */ = {isa = PBXFileReference; lastKnownFileType = sourcecode.swift; path = PayDelegate.swift; sourceTree = "<group>"; };
		AC5A7AC22BE2416300A13991 /* PaymentValidationQuery.swift */ = {isa = PBXFileReference; lastKnownFileType = sourcecode.swift; path = PaymentValidationQuery.swift; sourceTree = "<group>"; };
		AC5A7AC42BE241B900A13991 /* NoneDataModel.swift */ = {isa = PBXFileReference; lastKnownFileType = sourcecode.swift; path = NoneDataModel.swift; sourceTree = "<group>"; };
		AC5A7ACA2BE34EA200A13991 /* SettingViewModel.swift */ = {isa = PBXFileReference; lastKnownFileType = sourcecode.swift; path = SettingViewModel.swift; sourceTree = "<group>"; };
		AC5A7ACC2BE36EF600A13991 /* SettingTableViewCell.swift */ = {isa = PBXFileReference; lastKnownFileType = sourcecode.swift; path = SettingTableViewCell.swift; sourceTree = "<group>"; };
		AC5A7ACE2BE37EE900A13991 /* SettingTableHeaderView.swift */ = {isa = PBXFileReference; lastKnownFileType = sourcecode.swift; path = SettingTableHeaderView.swift; sourceTree = "<group>"; };
		AC5A7AD02BE39BA700A13991 /* HotCrewCollectionViewCell.swift */ = {isa = PBXFileReference; lastKnownFileType = sourcecode.swift; path = HotCrewCollectionViewCell.swift; sourceTree = "<group>"; };
		AC5A7AD22BE3B36000A13991 /* HotCrewCollectionReusableView.swift */ = {isa = PBXFileReference; lastKnownFileType = sourcecode.swift; path = HotCrewCollectionReusableView.swift; sourceTree = "<group>"; };
		AC9FD09A2BC79AFB00395FC2 /* Crewous.app */ = {isa = PBXFileReference; explicitFileType = wrapper.application; includeInIndex = 0; path = Crewous.app; sourceTree = BUILT_PRODUCTS_DIR; };
		AC9FD09D2BC79AFC00395FC2 /* AppDelegate.swift */ = {isa = PBXFileReference; lastKnownFileType = sourcecode.swift; path = AppDelegate.swift; sourceTree = "<group>"; };
		AC9FD09F2BC79AFC00395FC2 /* SceneDelegate.swift */ = {isa = PBXFileReference; lastKnownFileType = sourcecode.swift; path = SceneDelegate.swift; sourceTree = "<group>"; };
		AC9FD0A12BC79AFC00395FC2 /* SignInViewController.swift */ = {isa = PBXFileReference; lastKnownFileType = sourcecode.swift; path = SignInViewController.swift; sourceTree = "<group>"; };
		AC9FD0A42BC79AFC00395FC2 /* Base */ = {isa = PBXFileReference; lastKnownFileType = file.storyboard; name = Base; path = Base.lproj/Main.storyboard; sourceTree = "<group>"; };
		AC9FD0A62BC79AFD00395FC2 /* Assets.xcassets */ = {isa = PBXFileReference; lastKnownFileType = folder.assetcatalog; path = Assets.xcassets; sourceTree = "<group>"; };
		AC9FD0A92BC79AFD00395FC2 /* Base */ = {isa = PBXFileReference; lastKnownFileType = file.storyboard; name = Base; path = Base.lproj/LaunchScreen.storyboard; sourceTree = "<group>"; };
		AC9FD0AB2BC79AFD00395FC2 /* Info.plist */ = {isa = PBXFileReference; lastKnownFileType = text.plist.xml; path = Info.plist; sourceTree = "<group>"; };
		AC9FD0BD2BC79C0400395FC2 /* BaseView.swift */ = {isa = PBXFileReference; lastKnownFileType = sourcecode.swift; path = BaseView.swift; sourceTree = "<group>"; };
		AC9FD0BF2BC79C1C00395FC2 /* BaseViewController.swift */ = {isa = PBXFileReference; lastKnownFileType = sourcecode.swift; path = BaseViewController.swift; sourceTree = "<group>"; };
		AC9FD0C32BC79D5000395FC2 /* SignInView.swift */ = {isa = PBXFileReference; lastKnownFileType = sourcecode.swift; path = SignInView.swift; sourceTree = "<group>"; };
		AC9FD0C72BC7A52200395FC2 /* Blinker-Headline.ttf */ = {isa = PBXFileReference; lastKnownFileType = file; path = "Blinker-Headline.ttf"; sourceTree = "<group>"; };
		AC9FD0C82BC7A52200395FC2 /* Blinker-SemiLight.ttf */ = {isa = PBXFileReference; lastKnownFileType = file; path = "Blinker-SemiLight.ttf"; sourceTree = "<group>"; };
		AC9FD0C92BC7A52200395FC2 /* Blinker-Black.ttf */ = {isa = PBXFileReference; lastKnownFileType = file; path = "Blinker-Black.ttf"; sourceTree = "<group>"; };
		AC9FD0CA2BC7A52200395FC2 /* Blinker-Regular.ttf */ = {isa = PBXFileReference; lastKnownFileType = file; path = "Blinker-Regular.ttf"; sourceTree = "<group>"; };
		AC9FD0CB2BC7A52200395FC2 /* Blinker-SemiBold.ttf */ = {isa = PBXFileReference; lastKnownFileType = file; path = "Blinker-SemiBold.ttf"; sourceTree = "<group>"; };
		AC9FD0CC2BC7A52200395FC2 /* Blinker-Thin.ttf */ = {isa = PBXFileReference; lastKnownFileType = file; path = "Blinker-Thin.ttf"; sourceTree = "<group>"; };
		AC9FD0CD2BC7A52200395FC2 /* Blinker-Bold.ttf */ = {isa = PBXFileReference; lastKnownFileType = file; path = "Blinker-Bold.ttf"; sourceTree = "<group>"; };
		AC9FD0CE2BC7A52200395FC2 /* Blinker-Light.ttf */ = {isa = PBXFileReference; lastKnownFileType = file; path = "Blinker-Light.ttf"; sourceTree = "<group>"; };
		AC9FD0CF2BC7A52200395FC2 /* Blinker-ExtraBold.ttf */ = {isa = PBXFileReference; lastKnownFileType = file; path = "Blinker-ExtraBold.ttf"; sourceTree = "<group>"; };
		AC9FD0D92BC7BFE200395FC2 /* FontManager.swift */ = {isa = PBXFileReference; lastKnownFileType = sourcecode.swift; path = FontManager.swift; sourceTree = "<group>"; };
		AC9FD0DC2BC7C5F400395FC2 /* TextField++.swift */ = {isa = PBXFileReference; lastKnownFileType = sourcecode.swift; path = "TextField++.swift"; sourceTree = "<group>"; };
		AC9FD0DE2BC7D43C00395FC2 /* Button++.swift */ = {isa = PBXFileReference; lastKnownFileType = sourcecode.swift; path = "Button++.swift"; sourceTree = "<group>"; };
		AC9FD0E02BC7E00700395FC2 /* SignInViewModel.swift */ = {isa = PBXFileReference; lastKnownFileType = sourcecode.swift; path = SignInViewModel.swift; sourceTree = "<group>"; };
		AC9FD0E32BC7E0B200395FC2 /* ViewModelType.swift */ = {isa = PBXFileReference; lastKnownFileType = sourcecode.swift; path = ViewModelType.swift; sourceTree = "<group>"; };
		AC9FD0E62BC7E51900395FC2 /* Util.swift */ = {isa = PBXFileReference; lastKnownFileType = sourcecode.swift; path = Util.swift; sourceTree = "<group>"; };
		AC9FD0E82BC7EE9A00395FC2 /* SignUpViewModel.swift */ = {isa = PBXFileReference; lastKnownFileType = sourcecode.swift; path = SignUpViewModel.swift; sourceTree = "<group>"; };
		AC9FD0EC2BC7F8C100395FC2 /* APIKey.swift */ = {isa = PBXFileReference; lastKnownFileType = sourcecode.swift; path = APIKey.swift; sourceTree = "<group>"; };
		AC9FD0EE2BC7FEDC00395FC2 /* RouterType.swift */ = {isa = PBXFileReference; lastKnownFileType = sourcecode.swift; path = RouterType.swift; sourceTree = "<group>"; };
		AC9FD0F22BC8006A00395FC2 /* Router.swift */ = {isa = PBXFileReference; lastKnownFileType = sourcecode.swift; path = Router.swift; sourceTree = "<group>"; };
		AC9FD0F52BC804C200395FC2 /* SignInQuery.swift */ = {isa = PBXFileReference; lastKnownFileType = sourcecode.swift; path = SignInQuery.swift; sourceTree = "<group>"; };
		AC9FD0F72BC805C700395FC2 /* APIManager.swift */ = {isa = PBXFileReference; lastKnownFileType = sourcecode.swift; path = APIManager.swift; sourceTree = "<group>"; };
		AC9FD0FA2BC80AE300395FC2 /* SignInDataModel.swift */ = {isa = PBXFileReference; lastKnownFileType = sourcecode.swift; path = SignInDataModel.swift; sourceTree = "<group>"; };
		AC9FD0FC2BC813CF00395FC2 /* APIError.swift */ = {isa = PBXFileReference; lastKnownFileType = sourcecode.swift; path = APIError.swift; sourceTree = "<group>"; };
		AC9FD0FF2BC8222A00395FC2 /* UserDefaultsManager.swift */ = {isa = PBXFileReference; lastKnownFileType = sourcecode.swift; path = UserDefaultsManager.swift; sourceTree = "<group>"; };
		ACA194902BD9319C006CFBE3 /* SearchTableViewCell.swift */ = {isa = PBXFileReference; lastKnownFileType = sourcecode.swift; path = SearchTableViewCell.swift; sourceTree = "<group>"; };
		ACBD68332BDC04B10077C6FC /* CommentViewController.swift */ = {isa = PBXFileReference; lastKnownFileType = sourcecode.swift; path = CommentViewController.swift; sourceTree = "<group>"; };
		ACBD68352BDC04BA0077C6FC /* CommentView.swift */ = {isa = PBXFileReference; lastKnownFileType = sourcecode.swift; path = CommentView.swift; sourceTree = "<group>"; };
		ACBD68372BDCC2D10077C6FC /* CommentViewModel.swift */ = {isa = PBXFileReference; lastKnownFileType = sourcecode.swift; path = CommentViewModel.swift; sourceTree = "<group>"; };
		ACBD68392BDCC85C0077C6FC /* CommentTableViewCell.swift */ = {isa = PBXFileReference; lastKnownFileType = sourcecode.swift; path = CommentTableViewCell.swift; sourceTree = "<group>"; };
		ACBD683B2BDCD00F0077C6FC /* CommentQuery.swift */ = {isa = PBXFileReference; lastKnownFileType = sourcecode.swift; path = CommentQuery.swift; sourceTree = "<group>"; };
		ACBD68A72BDF6F7C0077C6FC /* UpdateProfileQuery.swift */ = {isa = PBXFileReference; lastKnownFileType = sourcecode.swift; path = UpdateProfileQuery.swift; sourceTree = "<group>"; };
		ACBD68A92BDF828E0077C6FC /* UploadImageQuery.swift */ = {isa = PBXFileReference; lastKnownFileType = sourcecode.swift; path = UploadImageQuery.swift; sourceTree = "<group>"; };
		ACBD68AC2BDFC87D0077C6FC /* SettingViewController.swift */ = {isa = PBXFileReference; lastKnownFileType = sourcecode.swift; path = SettingViewController.swift; sourceTree = "<group>"; };
		ACBD68AE2BDFC8850077C6FC /* SettingView.swift */ = {isa = PBXFileReference; lastKnownFileType = sourcecode.swift; path = SettingView.swift; sourceTree = "<group>"; };
		ACBD68B02BDFD5F70077C6FC /* HotCrewCompositional.swift */ = {isa = PBXFileReference; lastKnownFileType = sourcecode.swift; path = HotCrewCompositional.swift; sourceTree = "<group>"; };
		ACDF67A42BC90BAA0046766B /* SignUpView.swift */ = {isa = PBXFileReference; lastKnownFileType = sourcecode.swift; path = SignUpView.swift; sourceTree = "<group>"; };
		ACDF67A62BC90BBC0046766B /* SignUpViewController.swift */ = {isa = PBXFileReference; lastKnownFileType = sourcecode.swift; path = SignUpViewController.swift; sourceTree = "<group>"; };
		ACDF67A82BC94DE60046766B /* SignUpQuery.swift */ = {isa = PBXFileReference; lastKnownFileType = sourcecode.swift; path = SignUpQuery.swift; sourceTree = "<group>"; };
		ACDF67AA2BCA31540046766B /* SignUpDataModel.swift */ = {isa = PBXFileReference; lastKnownFileType = sourcecode.swift; path = SignUpDataModel.swift; sourceTree = "<group>"; };
		ACDF67AD2BCAAD090046766B /* StatsViewController.swift */ = {isa = PBXFileReference; lastKnownFileType = sourcecode.swift; path = StatsViewController.swift; sourceTree = "<group>"; };
		ACDF67AF2BCAAD140046766B /* StatsView.swift */ = {isa = PBXFileReference; lastKnownFileType = sourcecode.swift; path = StatsView.swift; sourceTree = "<group>"; };
		ACDF67B42BCB238B0046766B /* Label++.swift */ = {isa = PBXFileReference; lastKnownFileType = sourcecode.swift; path = "Label++.swift"; sourceTree = "<group>"; };
		ACDF67B62BCB26410046766B /* StatsViewModel.swift */ = {isa = PBXFileReference; lastKnownFileType = sourcecode.swift; path = StatsViewModel.swift; sourceTree = "<group>"; };
		ACDF67B82BCB2A570046766B /* FetchUserDataModel.swift */ = {isa = PBXFileReference; lastKnownFileType = sourcecode.swift; path = FetchUserDataModel.swift; sourceTree = "<group>"; };
		ACDF67BA2BCB2E100046766B /* RxSwift++.swift */ = {isa = PBXFileReference; lastKnownFileType = sourcecode.swift; path = "RxSwift++.swift"; sourceTree = "<group>"; };
		ACDF67BC2BCBE7040046766B /* RefreshDataModel.swift */ = {isa = PBXFileReference; lastKnownFileType = sourcecode.swift; path = RefreshDataModel.swift; sourceTree = "<group>"; };
		ACDF67E02BCD14920046766B /* MyCrewViewController.swift */ = {isa = PBXFileReference; lastKnownFileType = sourcecode.swift; path = MyCrewViewController.swift; sourceTree = "<group>"; };
		ACDF67E22BCD14A00046766B /* MyCrewView.swift */ = {isa = PBXFileReference; lastKnownFileType = sourcecode.swift; path = MyCrewView.swift; sourceTree = "<group>"; };
		ACDF67E42BCD165F0046766B /* WithoutCrewViewController.swift */ = {isa = PBXFileReference; lastKnownFileType = sourcecode.swift; path = WithoutCrewViewController.swift; sourceTree = "<group>"; };
		ACDF67E62BCD166B0046766B /* WithoutCrewView.swift */ = {isa = PBXFileReference; lastKnownFileType = sourcecode.swift; path = WithoutCrewView.swift; sourceTree = "<group>"; };
		ACDF67E82BCD34790046766B /* FetchMyCrewDataModel.swift */ = {isa = PBXFileReference; lastKnownFileType = sourcecode.swift; path = FetchMyCrewDataModel.swift; sourceTree = "<group>"; };
		ACDF67EB2BCD6A750046766B /* CrewDetailView.swift */ = {isa = PBXFileReference; lastKnownFileType = sourcecode.swift; path = CrewDetailView.swift; sourceTree = "<group>"; };
		ACDF67ED2BCD6A860046766B /* CrewDetailViewController.swift */ = {isa = PBXFileReference; lastKnownFileType = sourcecode.swift; path = CrewDetailViewController.swift; sourceTree = "<group>"; };
		ACDF67F32BCD74700046766B /* MakeCrewViewController.swift */ = {isa = PBXFileReference; lastKnownFileType = sourcecode.swift; path = MakeCrewViewController.swift; sourceTree = "<group>"; };
		ACDF67F52BCD74790046766B /* MakeCrewView.swift */ = {isa = PBXFileReference; lastKnownFileType = sourcecode.swift; path = MakeCrewView.swift; sourceTree = "<group>"; };
		ACDF67F72BCD74990046766B /* MakeCrewViewModel.swift */ = {isa = PBXFileReference; lastKnownFileType = sourcecode.swift; path = MakeCrewViewModel.swift; sourceTree = "<group>"; };
		ACDF68072BCE81960046766B /* UploadImageDataModel.swift */ = {isa = PBXFileReference; lastKnownFileType = sourcecode.swift; path = UploadImageDataModel.swift; sourceTree = "<group>"; };
		ACDF68092BCE96440046766B /* Image++.swift */ = {isa = PBXFileReference; lastKnownFileType = sourcecode.swift; path = "Image++.swift"; sourceTree = "<group>"; };
		ACDF680B2BCE980B0046766B /* MakeCrewQuery.swift */ = {isa = PBXFileReference; lastKnownFileType = sourcecode.swift; path = MakeCrewQuery.swift; sourceTree = "<group>"; };
		ACDF68172BD001620046766B /* Like2DataModel.swift */ = {isa = PBXFileReference; lastKnownFileType = sourcecode.swift; path = Like2DataModel.swift; sourceTree = "<group>"; };
		ACDF68192BD015700046766B /* WithDrawDataModel.swift */ = {isa = PBXFileReference; lastKnownFileType = sourcecode.swift; path = WithDrawDataModel.swift; sourceTree = "<group>"; };
		ACDF68292BD0FCD60046766B /* APIInterceptor.swift */ = {isa = PBXFileReference; lastKnownFileType = sourcecode.swift; path = APIInterceptor.swift; sourceTree = "<group>"; };
		ACDF682B2BD132240046766B /* MyCrewViewModel.swift */ = {isa = PBXFileReference; lastKnownFileType = sourcecode.swift; path = MyCrewViewModel.swift; sourceTree = "<group>"; };
		ACF18F622BD14860002C0548 /* ImageView++.swift */ = {isa = PBXFileReference; lastKnownFileType = sourcecode.swift; path = "ImageView++.swift"; sourceTree = "<group>"; };
/* End PBXFileReference section */

/* Begin PBXFrameworksBuildPhase section */
		AC9FD0972BC79AFB00395FC2 /* Frameworks */ = {
			isa = PBXFrameworksBuildPhase;
			buildActionMask = 2147483647;
			files = (
				AC5A7AB42BE21D0200A13991 /* iamport-ios in Frameworks */,
				AC5A7A9F2BE0A67D00A13991 /* Differentiator in Frameworks */,
				AC9FD0B82BC79B6100395FC2 /* RxSwift in Frameworks */,
				ACBD683F2BDE9D030077C6FC /* YPImagePicker in Frameworks */,
				AC9FD0BB2BC79B7700395FC2 /* SnapKit in Frameworks */,
				AC9FD0B62BC79B6100395FC2 /* RxCocoa in Frameworks */,
				AC5A7AA12BE0A67D00A13991 /* RxDataSources in Frameworks */,
				AC9FD0B32BC79B4500395FC2 /* Alamofire in Frameworks */,
				ACF18F612BD13F94002C0548 /* Kingfisher in Frameworks */,
			);
			runOnlyForDeploymentPostprocessing = 0;
		};
/* End PBXFrameworksBuildPhase section */

/* Begin PBXGroup section */
		AC3264F12BD37FA300531BC1 /* CrewContent */ = {
			isa = PBXGroup;
			children = (
				AC3265092BD4F82000531BC1 /* CrewContentViewModel.swift */,
				AC3264F42BD3800800531BC1 /* CrewContentViewController.swift */,
				AC3264F22BD37FF300531BC1 /* CrewContentView.swift */,
				AC3264FB2BD38B1800531BC1 /* CrewContentCollectionViewCell.swift */,
				AC3264F82BD3896900531BC1 /* ContentPage */,
			);
			path = CrewContent;
			sourceTree = "<group>";
		};
		AC3264F82BD3896900531BC1 /* ContentPage */ = {
			isa = PBXGroup;
			children = (
				AC32650B2BD4FB5700531BC1 /* ContentPageViewModel.swift */,
				AC3264F92BD389CD00531BC1 /* ContentPageViewController.swift */,
				AC3264FD2BD38EFA00531BC1 /* InfoPage */,
				AC3264FE2BD38F1300531BC1 /* MemberPage */,
			);
			path = ContentPage;
			sourceTree = "<group>";
		};
		AC3264FD2BD38EFA00531BC1 /* InfoPage */ = {
			isa = PBXGroup;
			children = (
				AC32650D2BD5002100531BC1 /* InfoPageViewModel.swift */,
				AC3264FF2BD38F3A00531BC1 /* InfoPageViewController.swift */,
				AC3265012BD38F4600531BC1 /* InfoPageView.swift */,
				AC3265162BD54B5800531BC1 /* InfoPageTableViewCell.swift */,
			);
			path = InfoPage;
			sourceTree = "<group>";
		};
		AC3264FE2BD38F1300531BC1 /* MemberPage */ = {
			isa = PBXGroup;
			children = (
				AC32650F2BD5004000531BC1 /* MemberPageViewModel.swift */,
				AC3265052BD38F7F00531BC1 /* MemberPageViewController.swift */,
				AC3265032BD38F7000531BC1 /* MemberPageView.swift */,
				AC3265182BD550F700531BC1 /* MemberPageTableViewCell.swift */,
			);
			path = MemberPage;
			sourceTree = "<group>";
		};
		AC3265132BD531FF00531BC1 /* Delegate */ = {
			isa = PBXGroup;
			children = (
				AC3265142BD5320D00531BC1 /* PageDelegate.swift */,
				AC5A7AC02BE23C3700A13991 /* PayDelegate.swift */,
			);
			path = Delegate;
			sourceTree = "<group>";
		};
		AC3265322BD76EB900531BC1 /* Search */ = {
			isa = PBXGroup;
			children = (
				AC3265442BD79E2300531BC1 /* SearchViewModel.swift */,
				AC3265332BD76ECF00531BC1 /* SearchViewController.swift */,
				AC3265352BD76EF100531BC1 /* SearchView.swift */,
				ACA194902BD9319C006CFBE3 /* SearchTableViewCell.swift */,
			);
			path = Search;
			sourceTree = "<group>";
		};
		AC5A7AA22BE0A6C900A13991 /* DataSource */ = {
			isa = PBXGroup;
			children = (
			);
			path = DataSource;
			sourceTree = "<group>";
		};
		AC5A7AB92BE230CB00A13991 /* Pay */ = {
			isa = PBXGroup;
			children = (
				AC5A7ABE2BE2393200A13991 /* PayViewModel.swift */,
				AC5A7ABA2BE230EC00A13991 /* PayViewController.swift */,
				AC5A7ABC2BE2310300A13991 /* PayView.swift */,
			);
			path = Pay;
			sourceTree = "<group>";
		};
		AC9FD0912BC79AFB00395FC2 = {
			isa = PBXGroup;
			children = (
				AC9FD09C2BC79AFB00395FC2 /* Crewous */,
				AC9FD09B2BC79AFB00395FC2 /* Products */,
			);
			sourceTree = "<group>";
		};
		AC9FD09B2BC79AFB00395FC2 /* Products */ = {
			isa = PBXGroup;
			children = (
				AC9FD09A2BC79AFB00395FC2 /* Crewous.app */,
			);
			name = Products;
			sourceTree = "<group>";
		};
		AC9FD09C2BC79AFB00395FC2 /* Crewous */ = {
			isa = PBXGroup;
			children = (
				AC5A7AA22BE0A6C900A13991 /* DataSource */,
				AC3265132BD531FF00531BC1 /* Delegate */,
				ACDF67B12BCAB4D30046766B /* Layout */,
				AC9FD0FE2BC8221900395FC2 /* Storage */,
				AC9FD0EB2BC7F8B700395FC2 /* Network */,
				AC9FD0E52BC7E4D300395FC2 /* Util */,
				AC9FD0E22BC7E04500395FC2 /* Protocol */,
				AC9FD0DB2BC7C5D100395FC2 /* Extension */,
				AC9FD0C52BC7A50000395FC2 /* Font */,
				AC9FD0C12BC79D2F00395FC2 /* Present */,
				AC9FD0BC2BC79BF600395FC2 /* Base */,
				AC9FD09D2BC79AFC00395FC2 /* AppDelegate.swift */,
				AC9FD09F2BC79AFC00395FC2 /* SceneDelegate.swift */,
				AC9FD0A32BC79AFC00395FC2 /* Main.storyboard */,
				AC9FD0A62BC79AFD00395FC2 /* Assets.xcassets */,
				AC9FD0A82BC79AFD00395FC2 /* LaunchScreen.storyboard */,
				AC9FD0AB2BC79AFD00395FC2 /* Info.plist */,
			);
			path = Crewous;
			sourceTree = "<group>";
		};
		AC9FD0BC2BC79BF600395FC2 /* Base */ = {
			isa = PBXGroup;
			children = (
				AC9FD0BD2BC79C0400395FC2 /* BaseView.swift */,
				AC9FD0BF2BC79C1C00395FC2 /* BaseViewController.swift */,
			);
			path = Base;
			sourceTree = "<group>";
		};
		AC9FD0C12BC79D2F00395FC2 /* Present */ = {
			isa = PBXGroup;
			children = (
				AC5A7AB92BE230CB00A13991 /* Pay */,
				ACBD68AB2BDFC84E0077C6FC /* Setting */,
				ACBD68322BDC04880077C6FC /* Comment */,
				AC3265322BD76EB900531BC1 /* Search */,
				AC3264F12BD37FA300531BC1 /* CrewContent */,
				ACDF67EA2BCD6A5B0046766B /* CrewDetail */,
				ACDF67F12BCD6E840046766B /* MakeCrew */,
				ACDF67DE2BCCFC260046766B /* MyCrew */,
				ACDF67AC2BCA9F5B0046766B /* Stats */,
				AC9FD0EA2BC7EE9D00395FC2 /* SignUp */,
				AC9FD0C22BC79D3400395FC2 /* SignIn */,
			);
			path = Present;
			sourceTree = "<group>";
		};
		AC9FD0C22BC79D3400395FC2 /* SignIn */ = {
			isa = PBXGroup;
			children = (
				AC9FD0E02BC7E00700395FC2 /* SignInViewModel.swift */,
				AC9FD0A12BC79AFC00395FC2 /* SignInViewController.swift */,
				AC9FD0C32BC79D5000395FC2 /* SignInView.swift */,
			);
			path = SignIn;
			sourceTree = "<group>";
		};
		AC9FD0C52BC7A50000395FC2 /* Font */ = {
			isa = PBXGroup;
			children = (
				AC9FD0D92BC7BFE200395FC2 /* FontManager.swift */,
				AC9FD0C62BC7A51300395FC2 /* Blinker */,
			);
			path = Font;
			sourceTree = "<group>";
		};
		AC9FD0C62BC7A51300395FC2 /* Blinker */ = {
			isa = PBXGroup;
			children = (
				AC9FD0C92BC7A52200395FC2 /* Blinker-Black.ttf */,
				AC9FD0CD2BC7A52200395FC2 /* Blinker-Bold.ttf */,
				AC9FD0CF2BC7A52200395FC2 /* Blinker-ExtraBold.ttf */,
				AC9FD0C72BC7A52200395FC2 /* Blinker-Headline.ttf */,
				AC9FD0CE2BC7A52200395FC2 /* Blinker-Light.ttf */,
				AC9FD0CA2BC7A52200395FC2 /* Blinker-Regular.ttf */,
				AC9FD0CB2BC7A52200395FC2 /* Blinker-SemiBold.ttf */,
				AC9FD0C82BC7A52200395FC2 /* Blinker-SemiLight.ttf */,
				AC9FD0CC2BC7A52200395FC2 /* Blinker-Thin.ttf */,
			);
			path = Blinker;
			sourceTree = "<group>";
		};
		AC9FD0DB2BC7C5D100395FC2 /* Extension */ = {
			isa = PBXGroup;
			children = (
				AC9FD0DC2BC7C5F400395FC2 /* TextField++.swift */,
				AC9FD0DE2BC7D43C00395FC2 /* Button++.swift */,
				ACDF67B42BCB238B0046766B /* Label++.swift */,
				ACDF67BA2BCB2E100046766B /* RxSwift++.swift */,
				ACDF68092BCE96440046766B /* Image++.swift */,
				ACF18F622BD14860002C0548 /* ImageView++.swift */,
				AC3265112BD5050D00531BC1 /* NSObject++.swift */,
			);
			path = Extension;
			sourceTree = "<group>";
		};
		AC9FD0E22BC7E04500395FC2 /* Protocol */ = {
			isa = PBXGroup;
			children = (
				AC9FD0E32BC7E0B200395FC2 /* ViewModelType.swift */,
				AC9FD0EE2BC7FEDC00395FC2 /* RouterType.swift */,
			);
			path = Protocol;
			sourceTree = "<group>";
		};
		AC9FD0E52BC7E4D300395FC2 /* Util */ = {
			isa = PBXGroup;
			children = (
				AC9FD0E62BC7E51900395FC2 /* Util.swift */,
			);
			path = Util;
			sourceTree = "<group>";
		};
		AC9FD0EA2BC7EE9D00395FC2 /* SignUp */ = {
			isa = PBXGroup;
			children = (
				AC9FD0E82BC7EE9A00395FC2 /* SignUpViewModel.swift */,
				ACDF67A62BC90BBC0046766B /* SignUpViewController.swift */,
				ACDF67A42BC90BAA0046766B /* SignUpView.swift */,
			);
			path = SignUp;
			sourceTree = "<group>";
		};
		AC9FD0EB2BC7F8B700395FC2 /* Network */ = {
			isa = PBXGroup;
			children = (
				AC9FD0F72BC805C700395FC2 /* APIManager.swift */,
				AC5A7AB52BE21F6600A13991 /* PaymentManager.swift */,
				ACDF68292BD0FCD60046766B /* APIInterceptor.swift */,
				AC9FD0EC2BC7F8C100395FC2 /* APIKey.swift */,
				AC9FD0FC2BC813CF00395FC2 /* APIError.swift */,
				AC9FD0F22BC8006A00395FC2 /* Router.swift */,
				AC9FD0F92BC805D900395FC2 /* DataModel */,
				AC9FD0F42BC804B300395FC2 /* QueryModel */,
			);
			path = Network;
			sourceTree = "<group>";
		};
		AC9FD0F42BC804B300395FC2 /* QueryModel */ = {
			isa = PBXGroup;
			children = (
				AC9FD0F52BC804C200395FC2 /* SignInQuery.swift */,
				ACDF67A82BC94DE60046766B /* SignUpQuery.swift */,
				ACDF680B2BCE980B0046766B /* MakeCrewQuery.swift */,
				AC3265462BD7A19400531BC1 /* FetchCrewQuery.swift */,
				AC32654A2BD7C52700531BC1 /* Like2Query.swift */,
				ACBD683B2BDCD00F0077C6FC /* CommentQuery.swift */,
				ACBD68A72BDF6F7C0077C6FC /* UpdateProfileQuery.swift */,
				ACBD68A92BDF828E0077C6FC /* UploadImageQuery.swift */,
				AC5A7AC22BE2416300A13991 /* PaymentValidationQuery.swift */,
			);
			path = QueryModel;
			sourceTree = "<group>";
		};
		AC9FD0F92BC805D900395FC2 /* DataModel */ = {
			isa = PBXGroup;
			children = (
				AC9FD0FA2BC80AE300395FC2 /* SignInDataModel.swift */,
				ACDF67AA2BCA31540046766B /* SignUpDataModel.swift */,
				ACDF67B82BCB2A570046766B /* FetchUserDataModel.swift */,
				ACDF67BC2BCBE7040046766B /* RefreshDataModel.swift */,
				ACDF67E82BCD34790046766B /* FetchMyCrewDataModel.swift */,
				ACDF68072BCE81960046766B /* UploadImageDataModel.swift */,
				ACDF68172BD001620046766B /* Like2DataModel.swift */,
				ACDF68192BD015700046766B /* WithDrawDataModel.swift */,
				AC3265482BD7A2A200531BC1 /* FetchCrewDataModel.swift */,
				AC5A7AC42BE241B900A13991 /* NoneDataModel.swift */,
			);
			path = DataModel;
			sourceTree = "<group>";
		};
		AC9FD0FE2BC8221900395FC2 /* Storage */ = {
			isa = PBXGroup;
			children = (
				AC9FD0FF2BC8222A00395FC2 /* UserDefaultsManager.swift */,
			);
			path = Storage;
			sourceTree = "<group>";
		};
		ACBD68322BDC04880077C6FC /* Comment */ = {
			isa = PBXGroup;
			children = (
				ACBD68372BDCC2D10077C6FC /* CommentViewModel.swift */,
				ACBD68332BDC04B10077C6FC /* CommentViewController.swift */,
				ACBD68352BDC04BA0077C6FC /* CommentView.swift */,
				ACBD68392BDCC85C0077C6FC /* CommentTableViewCell.swift */,
			);
			path = Comment;
			sourceTree = "<group>";
		};
		ACBD68AB2BDFC84E0077C6FC /* Setting */ = {
			isa = PBXGroup;
			children = (
				AC5A7ACA2BE34EA200A13991 /* SettingViewModel.swift */,
				ACBD68AC2BDFC87D0077C6FC /* SettingViewController.swift */,
				ACBD68AE2BDFC8850077C6FC /* SettingView.swift */,
				AC5A7ACC2BE36EF600A13991 /* SettingTableViewCell.swift */,
				AC5A7ACE2BE37EE900A13991 /* SettingTableHeaderView.swift */,
			);
			path = Setting;
			sourceTree = "<group>";
		};
		ACDF67AC2BCA9F5B0046766B /* Stats */ = {
			isa = PBXGroup;
			children = (
				ACDF67B62BCB26410046766B /* StatsViewModel.swift */,
				ACDF67AD2BCAAD090046766B /* StatsViewController.swift */,
				ACDF67AF2BCAAD140046766B /* StatsView.swift */,
				AC5A7AD02BE39BA700A13991 /* HotCrewCollectionViewCell.swift */,
				AC5A7AD22BE3B36000A13991 /* HotCrewCollectionReusableView.swift */,
			);
			path = Stats;
			sourceTree = "<group>";
		};
		ACDF67B12BCAB4D30046766B /* Layout */ = {
			isa = PBXGroup;
			children = (
				AC3264F62BD3813000531BC1 /* CrewContentCompositional.swift */,
				ACBD68B02BDFD5F70077C6FC /* HotCrewCompositional.swift */,
			);
			path = Layout;
			sourceTree = "<group>";
		};
		ACDF67DE2BCCFC260046766B /* MyCrew */ = {
			isa = PBXGroup;
			children = (
				ACDF682B2BD132240046766B /* MyCrewViewModel.swift */,
				ACDF67E02BCD14920046766B /* MyCrewViewController.swift */,
				ACDF67E22BCD14A00046766B /* MyCrewView.swift */,
				ACDF67DF2BCD13EB0046766B /* WithoutCrew */,
			);
			path = MyCrew;
			sourceTree = "<group>";
		};
		ACDF67DF2BCD13EB0046766B /* WithoutCrew */ = {
			isa = PBXGroup;
			children = (
				ACDF67E42BCD165F0046766B /* WithoutCrewViewController.swift */,
				ACDF67E62BCD166B0046766B /* WithoutCrewView.swift */,
			);
			path = WithoutCrew;
			sourceTree = "<group>";
		};
		ACDF67EA2BCD6A5B0046766B /* CrewDetail */ = {
			isa = PBXGroup;
			children = (
				AC3265072BD3A2CA00531BC1 /* CrewDetailViewModel.swift */,
				ACDF67ED2BCD6A860046766B /* CrewDetailViewController.swift */,
				ACDF67EB2BCD6A750046766B /* CrewDetailView.swift */,
			);
			path = CrewDetail;
			sourceTree = "<group>";
		};
		ACDF67F12BCD6E840046766B /* MakeCrew */ = {
			isa = PBXGroup;
			children = (
				ACDF67F72BCD74990046766B /* MakeCrewViewModel.swift */,
				ACDF67F32BCD74700046766B /* MakeCrewViewController.swift */,
				ACDF67F52BCD74790046766B /* MakeCrewView.swift */,
			);
			path = MakeCrew;
			sourceTree = "<group>";
		};
/* End PBXGroup section */

/* Begin PBXNativeTarget section */
		AC9FD0992BC79AFB00395FC2 /* Crewous */ = {
			isa = PBXNativeTarget;
			buildConfigurationList = AC9FD0AE2BC79AFD00395FC2 /* Build configuration list for PBXNativeTarget "Crewous" */;
			buildPhases = (
				AC9FD0962BC79AFB00395FC2 /* Sources */,
				AC9FD0972BC79AFB00395FC2 /* Frameworks */,
				AC9FD0982BC79AFB00395FC2 /* Resources */,
			);
			buildRules = (
			);
			dependencies = (
			);
			name = Crewous;
			packageProductDependencies = (
				AC9FD0B22BC79B4500395FC2 /* Alamofire */,
				AC9FD0B52BC79B6100395FC2 /* RxCocoa */,
				AC9FD0B72BC79B6100395FC2 /* RxSwift */,
				AC9FD0BA2BC79B7700395FC2 /* SnapKit */,
				ACF18F602BD13F94002C0548 /* Kingfisher */,
				ACBD683E2BDE9D030077C6FC /* YPImagePicker */,
				AC5A7A9E2BE0A67D00A13991 /* Differentiator */,
				AC5A7AA02BE0A67D00A13991 /* RxDataSources */,
				AC5A7AB32BE21D0200A13991 /* iamport-ios */,
			);
			productName = Crewous;
			productReference = AC9FD09A2BC79AFB00395FC2 /* Crewous.app */;
			productType = "com.apple.product-type.application";
		};
/* End PBXNativeTarget section */

/* Begin PBXProject section */
		AC9FD0922BC79AFB00395FC2 /* Project object */ = {
			isa = PBXProject;
			attributes = {
				BuildIndependentTargetsInParallel = 1;
				LastSwiftUpdateCheck = 1530;
				LastUpgradeCheck = 1530;
				TargetAttributes = {
					AC9FD0992BC79AFB00395FC2 = {
						CreatedOnToolsVersion = 15.3;
					};
				};
			};
			buildConfigurationList = AC9FD0952BC79AFB00395FC2 /* Build configuration list for PBXProject "Crewous" */;
			compatibilityVersion = "Xcode 14.0";
			developmentRegion = en;
			hasScannedForEncodings = 0;
			knownRegions = (
				en,
				Base,
			);
			mainGroup = AC9FD0912BC79AFB00395FC2;
			packageReferences = (
				AC9FD0B12BC79B4500395FC2 /* XCRemoteSwiftPackageReference "Alamofire" */,
				AC9FD0B42BC79B6100395FC2 /* XCRemoteSwiftPackageReference "RxSwift" */,
				AC9FD0B92BC79B7700395FC2 /* XCRemoteSwiftPackageReference "SnapKit" */,
				ACF18F5F2BD13F94002C0548 /* XCRemoteSwiftPackageReference "Kingfisher" */,
				ACBD683D2BDE9D030077C6FC /* XCRemoteSwiftPackageReference "YPImagePicker" */,
				AC5A7A9D2BE0A67D00A13991 /* XCRemoteSwiftPackageReference "RxDataSources" */,
				AC5A7AB22BE21D0200A13991 /* XCRemoteSwiftPackageReference "iamport-ios" */,
			);
			productRefGroup = AC9FD09B2BC79AFB00395FC2 /* Products */;
			projectDirPath = "";
			projectRoot = "";
			targets = (
				AC9FD0992BC79AFB00395FC2 /* Crewous */,
			);
		};
/* End PBXProject section */

/* Begin PBXResourcesBuildPhase section */
		AC9FD0982BC79AFB00395FC2 /* Resources */ = {
			isa = PBXResourcesBuildPhase;
			buildActionMask = 2147483647;
			files = (
				AC9FD0A72BC79AFD00395FC2 /* Assets.xcassets in Resources */,
				AC9FD0D52BC7A52200395FC2 /* Blinker-Thin.ttf in Resources */,
				AC9FD0D82BC7A52200395FC2 /* Blinker-ExtraBold.ttf in Resources */,
				AC9FD0D32BC7A52200395FC2 /* Blinker-Regular.ttf in Resources */,
				AC9FD0AA2BC79AFD00395FC2 /* Base in Resources */,
				AC9FD0D42BC7A52200395FC2 /* Blinker-SemiBold.ttf in Resources */,
				AC9FD0D62BC7A52200395FC2 /* Blinker-Bold.ttf in Resources */,
				AC9FD0D22BC7A52200395FC2 /* Blinker-Black.ttf in Resources */,
				AC9FD0D72BC7A52200395FC2 /* Blinker-Light.ttf in Resources */,
				AC9FD0D02BC7A52200395FC2 /* Blinker-Headline.ttf in Resources */,
				AC9FD0D12BC7A52200395FC2 /* Blinker-SemiLight.ttf in Resources */,
				AC9FD0A52BC79AFC00395FC2 /* Base in Resources */,
			);
			runOnlyForDeploymentPostprocessing = 0;
		};
/* End PBXResourcesBuildPhase section */

/* Begin PBXSourcesBuildPhase section */
		AC9FD0962BC79AFB00395FC2 /* Sources */ = {
			isa = PBXSourcesBuildPhase;
			buildActionMask = 2147483647;
			files = (
				AC3265082BD3A2CA00531BC1 /* CrewDetailViewModel.swift in Sources */,
				AC5A7ACB2BE34EA200A13991 /* SettingViewModel.swift in Sources */,
				ACDF67A92BC94DE60046766B /* SignUpQuery.swift in Sources */,
				AC9FD0E42BC7E0B200395FC2 /* ViewModelType.swift in Sources */,
				AC3264F72BD3813000531BC1 /* CrewContentCompositional.swift in Sources */,
				AC3265452BD79E2300531BC1 /* SearchViewModel.swift in Sources */,
				AC9FD0E92BC7EE9A00395FC2 /* SignUpViewModel.swift in Sources */,
				AC9FD0EF2BC7FEDC00395FC2 /* RouterType.swift in Sources */,
				AC3264FA2BD389CD00531BC1 /* ContentPageViewController.swift in Sources */,
				ACBD68B12BDFD5F70077C6FC /* HotCrewCompositional.swift in Sources */,
				AC32650E2BD5002100531BC1 /* InfoPageViewModel.swift in Sources */,
				ACDF67BB2BCB2E100046766B /* RxSwift++.swift in Sources */,
				AC5A7ABF2BE2393200A13991 /* PayViewModel.swift in Sources */,
				AC9FD0C42BC79D5000395FC2 /* SignInView.swift in Sources */,
				AC3265172BD54B5800531BC1 /* InfoPageTableViewCell.swift in Sources */,
				AC9FD0C02BC79C1C00395FC2 /* BaseViewController.swift in Sources */,
				AC3265472BD7A19400531BC1 /* FetchCrewQuery.swift in Sources */,
				AC3264FC2BD38B1800531BC1 /* CrewContentCollectionViewCell.swift in Sources */,
				ACDF67B92BCB2A570046766B /* FetchUserDataModel.swift in Sources */,
				AC9FD0DA2BC7BFE200395FC2 /* FontManager.swift in Sources */,
				ACDF680A2BCE96440046766B /* Image++.swift in Sources */,
				AC3265062BD38F7F00531BC1 /* MemberPageViewController.swift in Sources */,
				ACDF67A72BC90BBC0046766B /* SignUpViewController.swift in Sources */,
				ACBD68342BDC04B10077C6FC /* CommentViewController.swift in Sources */,
				ACA194912BD9319C006CFBE3 /* SearchTableViewCell.swift in Sources */,
				AC3265102BD5004000531BC1 /* MemberPageViewModel.swift in Sources */,
				ACDF68082BCE81960046766B /* UploadImageDataModel.swift in Sources */,
				AC3264F52BD3800800531BC1 /* CrewContentViewController.swift in Sources */,
				ACBD68AF2BDFC8850077C6FC /* SettingView.swift in Sources */,
				AC32650C2BD4FB5700531BC1 /* ContentPageViewModel.swift in Sources */,
				AC5A7ACD2BE36EF600A13991 /* SettingTableViewCell.swift in Sources */,
				ACBD683A2BDCC85C0077C6FC /* CommentTableViewCell.swift in Sources */,
				ACDF67F62BCD74790046766B /* MakeCrewView.swift in Sources */,
				ACDF67B72BCB26410046766B /* StatsViewModel.swift in Sources */,
				ACF18F632BD14860002C0548 /* ImageView++.swift in Sources */,
				AC32654B2BD7C52700531BC1 /* Like2Query.swift in Sources */,
				ACDF67BD2BCBE7040046766B /* RefreshDataModel.swift in Sources */,
				ACDF67B02BCAAD140046766B /* StatsView.swift in Sources */,
				AC3265362BD76EF100531BC1 /* SearchView.swift in Sources */,
				AC5A7AD32BE3B36000A13991 /* HotCrewCollectionReusableView.swift in Sources */,
				AC5A7ACF2BE37EE900A13991 /* SettingTableHeaderView.swift in Sources */,
				AC5A7AB62BE21F6600A13991 /* PaymentManager.swift in Sources */,
				ACDF67AE2BCAAD090046766B /* StatsViewController.swift in Sources */,
				AC3264F32BD37FF300531BC1 /* CrewContentView.swift in Sources */,
				ACDF67B52BCB238B0046766B /* Label++.swift in Sources */,
				AC32650A2BD4F82000531BC1 /* CrewContentViewModel.swift in Sources */,
				AC5A7AC52BE241B900A13991 /* NoneDataModel.swift in Sources */,
				AC9FD0DD2BC7C5F400395FC2 /* TextField++.swift in Sources */,
				AC9FD0E12BC7E00700395FC2 /* SignInViewModel.swift in Sources */,
				AC9FD0F32BC8006A00395FC2 /* Router.swift in Sources */,
				ACDF67EE2BCD6A860046766B /* CrewDetailViewController.swift in Sources */,
				ACDF682C2BD132240046766B /* MyCrewViewModel.swift in Sources */,
				AC9FD0A22BC79AFC00395FC2 /* SignInViewController.swift in Sources */,
				AC9FD0ED2BC7F8C100395FC2 /* APIKey.swift in Sources */,
				ACDF67F42BCD74700046766B /* MakeCrewViewController.swift in Sources */,
				ACBD68AD2BDFC87D0077C6FC /* SettingViewController.swift in Sources */,
				ACDF67E92BCD34790046766B /* FetchMyCrewDataModel.swift in Sources */,
				AC9FD0E72BC7E51900395FC2 /* Util.swift in Sources */,
				AC9FD0F82BC805C700395FC2 /* APIManager.swift in Sources */,
				ACBD683C2BDCD00F0077C6FC /* CommentQuery.swift in Sources */,
				AC9FD0FD2BC813CF00395FC2 /* APIError.swift in Sources */,
				AC9FD0DF2BC7D43C00395FC2 /* Button++.swift in Sources */,
				AC3265042BD38F7000531BC1 /* MemberPageView.swift in Sources */,
				AC9FD09E2BC79AFC00395FC2 /* AppDelegate.swift in Sources */,
				AC3265022BD38F4600531BC1 /* InfoPageView.swift in Sources */,
				ACDF67E32BCD14A00046766B /* MyCrewView.swift in Sources */,
				AC5A7AC12BE23C3700A13991 /* PayDelegate.swift in Sources */,
				ACDF68182BD001620046766B /* Like2DataModel.swift in Sources */,
				AC3265342BD76ECF00531BC1 /* SearchViewController.swift in Sources */,
				ACDF67A52BC90BAA0046766B /* SignUpView.swift in Sources */,
				ACBD68AA2BDF828E0077C6FC /* UploadImageQuery.swift in Sources */,
				AC5A7ABB2BE230EC00A13991 /* PayViewController.swift in Sources */,
				AC5A7AC32BE2416300A13991 /* PaymentValidationQuery.swift in Sources */,
				AC3265192BD550F700531BC1 /* MemberPageTableViewCell.swift in Sources */,
				ACDF67AB2BCA31540046766B /* SignUpDataModel.swift in Sources */,
				ACDF67F82BCD74990046766B /* MakeCrewViewModel.swift in Sources */,
				ACBD68A82BDF6F7C0077C6FC /* UpdateProfileQuery.swift in Sources */,
				AC3265152BD5320D00531BC1 /* PageDelegate.swift in Sources */,
				ACDF67EC2BCD6A750046766B /* CrewDetailView.swift in Sources */,
				ACDF67E52BCD165F0046766B /* WithoutCrewViewController.swift in Sources */,
				ACDF681A2BD015700046766B /* WithDrawDataModel.swift in Sources */,
				AC3265122BD5050D00531BC1 /* NSObject++.swift in Sources */,
				ACBD68362BDC04BA0077C6FC /* CommentView.swift in Sources */,
				AC9FD0FB2BC80AE300395FC2 /* SignInDataModel.swift in Sources */,
				AC9FD1002BC8222A00395FC2 /* UserDefaultsManager.swift in Sources */,
				AC5A7ABD2BE2310300A13991 /* PayView.swift in Sources */,
				AC9FD0A02BC79AFC00395FC2 /* SceneDelegate.swift in Sources */,
				ACBD68382BDCC2D10077C6FC /* CommentViewModel.swift in Sources */,
				ACDF67E72BCD166B0046766B /* WithoutCrewView.swift in Sources */,
				AC3265492BD7A2A200531BC1 /* FetchCrewDataModel.swift in Sources */,
				AC3265002BD38F3A00531BC1 /* InfoPageViewController.swift in Sources */,
				AC9FD0BE2BC79C0400395FC2 /* BaseView.swift in Sources */,
				AC9FD0F62BC804C200395FC2 /* SignInQuery.swift in Sources */,
				ACDF67E12BCD14920046766B /* MyCrewViewController.swift in Sources */,
				AC5A7AD12BE39BA700A13991 /* HotCrewCollectionViewCell.swift in Sources */,
				ACDF680C2BCE980B0046766B /* MakeCrewQuery.swift in Sources */,
				ACDF682A2BD0FCD60046766B /* APIInterceptor.swift in Sources */,
			);
			runOnlyForDeploymentPostprocessing = 0;
		};
/* End PBXSourcesBuildPhase section */

/* Begin PBXVariantGroup section */
		AC9FD0A32BC79AFC00395FC2 /* Main.storyboard */ = {
			isa = PBXVariantGroup;
			children = (
				AC9FD0A42BC79AFC00395FC2 /* Base */,
			);
			name = Main.storyboard;
			sourceTree = "<group>";
		};
		AC9FD0A82BC79AFD00395FC2 /* LaunchScreen.storyboard */ = {
			isa = PBXVariantGroup;
			children = (
				AC9FD0A92BC79AFD00395FC2 /* Base */,
			);
			name = LaunchScreen.storyboard;
			sourceTree = "<group>";
		};
/* End PBXVariantGroup section */

/* Begin XCBuildConfiguration section */
		AC9FD0AC2BC79AFD00395FC2 /* Debug */ = {
			isa = XCBuildConfiguration;
			buildSettings = {
				ALWAYS_SEARCH_USER_PATHS = NO;
				ASSETCATALOG_COMPILER_GENERATE_SWIFT_ASSET_SYMBOL_EXTENSIONS = YES;
				CLANG_ANALYZER_NONNULL = YES;
				CLANG_ANALYZER_NUMBER_OBJECT_CONVERSION = YES_AGGRESSIVE;
				CLANG_CXX_LANGUAGE_STANDARD = "gnu++20";
				CLANG_ENABLE_MODULES = YES;
				CLANG_ENABLE_OBJC_ARC = YES;
				CLANG_ENABLE_OBJC_WEAK = YES;
				CLANG_WARN_BLOCK_CAPTURE_AUTORELEASING = YES;
				CLANG_WARN_BOOL_CONVERSION = YES;
				CLANG_WARN_COMMA = YES;
				CLANG_WARN_CONSTANT_CONVERSION = YES;
				CLANG_WARN_DEPRECATED_OBJC_IMPLEMENTATIONS = YES;
				CLANG_WARN_DIRECT_OBJC_ISA_USAGE = YES_ERROR;
				CLANG_WARN_DOCUMENTATION_COMMENTS = YES;
				CLANG_WARN_EMPTY_BODY = YES;
				CLANG_WARN_ENUM_CONVERSION = YES;
				CLANG_WARN_INFINITE_RECURSION = YES;
				CLANG_WARN_INT_CONVERSION = YES;
				CLANG_WARN_NON_LITERAL_NULL_CONVERSION = YES;
				CLANG_WARN_OBJC_IMPLICIT_RETAIN_SELF = YES;
				CLANG_WARN_OBJC_LITERAL_CONVERSION = YES;
				CLANG_WARN_OBJC_ROOT_CLASS = YES_ERROR;
				CLANG_WARN_QUOTED_INCLUDE_IN_FRAMEWORK_HEADER = YES;
				CLANG_WARN_RANGE_LOOP_ANALYSIS = YES;
				CLANG_WARN_STRICT_PROTOTYPES = YES;
				CLANG_WARN_SUSPICIOUS_MOVE = YES;
				CLANG_WARN_UNGUARDED_AVAILABILITY = YES_AGGRESSIVE;
				CLANG_WARN_UNREACHABLE_CODE = YES;
				CLANG_WARN__DUPLICATE_METHOD_MATCH = YES;
				COPY_PHASE_STRIP = NO;
				DEBUG_INFORMATION_FORMAT = dwarf;
				ENABLE_STRICT_OBJC_MSGSEND = YES;
				ENABLE_TESTABILITY = YES;
				ENABLE_USER_SCRIPT_SANDBOXING = YES;
				GCC_C_LANGUAGE_STANDARD = gnu17;
				GCC_DYNAMIC_NO_PIC = NO;
				GCC_NO_COMMON_BLOCKS = YES;
				GCC_OPTIMIZATION_LEVEL = 0;
				GCC_PREPROCESSOR_DEFINITIONS = (
					"DEBUG=1",
					"$(inherited)",
				);
				GCC_WARN_64_TO_32_BIT_CONVERSION = YES;
				GCC_WARN_ABOUT_RETURN_TYPE = YES_ERROR;
				GCC_WARN_UNDECLARED_SELECTOR = YES;
				GCC_WARN_UNINITIALIZED_AUTOS = YES_AGGRESSIVE;
				GCC_WARN_UNUSED_FUNCTION = YES;
				GCC_WARN_UNUSED_VARIABLE = YES;
				IPHONEOS_DEPLOYMENT_TARGET = 17.4;
				LOCALIZATION_PREFERS_STRING_CATALOGS = YES;
				MTL_ENABLE_DEBUG_INFO = INCLUDE_SOURCE;
				MTL_FAST_MATH = YES;
				ONLY_ACTIVE_ARCH = YES;
				SDKROOT = iphoneos;
				SWIFT_ACTIVE_COMPILATION_CONDITIONS = "DEBUG $(inherited)";
				SWIFT_OPTIMIZATION_LEVEL = "-Onone";
			};
			name = Debug;
		};
		AC9FD0AD2BC79AFD00395FC2 /* Release */ = {
			isa = XCBuildConfiguration;
			buildSettings = {
				ALWAYS_SEARCH_USER_PATHS = NO;
				ASSETCATALOG_COMPILER_GENERATE_SWIFT_ASSET_SYMBOL_EXTENSIONS = YES;
				CLANG_ANALYZER_NONNULL = YES;
				CLANG_ANALYZER_NUMBER_OBJECT_CONVERSION = YES_AGGRESSIVE;
				CLANG_CXX_LANGUAGE_STANDARD = "gnu++20";
				CLANG_ENABLE_MODULES = YES;
				CLANG_ENABLE_OBJC_ARC = YES;
				CLANG_ENABLE_OBJC_WEAK = YES;
				CLANG_WARN_BLOCK_CAPTURE_AUTORELEASING = YES;
				CLANG_WARN_BOOL_CONVERSION = YES;
				CLANG_WARN_COMMA = YES;
				CLANG_WARN_CONSTANT_CONVERSION = YES;
				CLANG_WARN_DEPRECATED_OBJC_IMPLEMENTATIONS = YES;
				CLANG_WARN_DIRECT_OBJC_ISA_USAGE = YES_ERROR;
				CLANG_WARN_DOCUMENTATION_COMMENTS = YES;
				CLANG_WARN_EMPTY_BODY = YES;
				CLANG_WARN_ENUM_CONVERSION = YES;
				CLANG_WARN_INFINITE_RECURSION = YES;
				CLANG_WARN_INT_CONVERSION = YES;
				CLANG_WARN_NON_LITERAL_NULL_CONVERSION = YES;
				CLANG_WARN_OBJC_IMPLICIT_RETAIN_SELF = YES;
				CLANG_WARN_OBJC_LITERAL_CONVERSION = YES;
				CLANG_WARN_OBJC_ROOT_CLASS = YES_ERROR;
				CLANG_WARN_QUOTED_INCLUDE_IN_FRAMEWORK_HEADER = YES;
				CLANG_WARN_RANGE_LOOP_ANALYSIS = YES;
				CLANG_WARN_STRICT_PROTOTYPES = YES;
				CLANG_WARN_SUSPICIOUS_MOVE = YES;
				CLANG_WARN_UNGUARDED_AVAILABILITY = YES_AGGRESSIVE;
				CLANG_WARN_UNREACHABLE_CODE = YES;
				CLANG_WARN__DUPLICATE_METHOD_MATCH = YES;
				COPY_PHASE_STRIP = NO;
				DEBUG_INFORMATION_FORMAT = "dwarf-with-dsym";
				ENABLE_NS_ASSERTIONS = NO;
				ENABLE_STRICT_OBJC_MSGSEND = YES;
				ENABLE_USER_SCRIPT_SANDBOXING = YES;
				GCC_C_LANGUAGE_STANDARD = gnu17;
				GCC_NO_COMMON_BLOCKS = YES;
				GCC_WARN_64_TO_32_BIT_CONVERSION = YES;
				GCC_WARN_ABOUT_RETURN_TYPE = YES_ERROR;
				GCC_WARN_UNDECLARED_SELECTOR = YES;
				GCC_WARN_UNINITIALIZED_AUTOS = YES_AGGRESSIVE;
				GCC_WARN_UNUSED_FUNCTION = YES;
				GCC_WARN_UNUSED_VARIABLE = YES;
				IPHONEOS_DEPLOYMENT_TARGET = 17.4;
				LOCALIZATION_PREFERS_STRING_CATALOGS = YES;
				MTL_ENABLE_DEBUG_INFO = NO;
				MTL_FAST_MATH = YES;
				SDKROOT = iphoneos;
				SWIFT_COMPILATION_MODE = wholemodule;
				VALIDATE_PRODUCT = YES;
			};
			name = Release;
		};
		AC9FD0AF2BC79AFD00395FC2 /* Debug */ = {
			isa = XCBuildConfiguration;
			buildSettings = {
				ASSETCATALOG_COMPILER_APPICON_NAME = AppIcon;
				ASSETCATALOG_COMPILER_GLOBAL_ACCENT_COLOR_NAME = AccentColor;
				CODE_SIGN_STYLE = Automatic;
				CURRENT_PROJECT_VERSION = 1;
				DEVELOPMENT_TEAM = 92Y6UC7Q5M;
				GENERATE_INFOPLIST_FILE = YES;
				INFOPLIST_FILE = Crewous/Info.plist;
				INFOPLIST_KEY_NSCameraUsageDescription = "사진첩 사용";
				INFOPLIST_KEY_NSPhotoLibraryUsageDescription = "사진첩 사용";
				INFOPLIST_KEY_UIApplicationSupportsIndirectInputEvents = YES;
				INFOPLIST_KEY_UILaunchStoryboardName = LaunchScreen;
				INFOPLIST_KEY_UIMainStoryboardFile = Main;
				INFOPLIST_KEY_UISupportedInterfaceOrientations = UIInterfaceOrientationPortrait;
				INFOPLIST_KEY_UISupportedInterfaceOrientations_iPad = "UIInterfaceOrientationLandscapeLeft UIInterfaceOrientationLandscapeRight UIInterfaceOrientationPortrait UIInterfaceOrientationPortraitUpsideDown";
				IPHONEOS_DEPLOYMENT_TARGET = 16.0;
				LD_RUNPATH_SEARCH_PATHS = (
					"$(inherited)",
					"@executable_path/Frameworks",
				);
				MARKETING_VERSION = 1.0;
				PRODUCT_BUNDLE_IDENTIFIER = com.donotinto.Crewous;
				PRODUCT_NAME = "$(TARGET_NAME)";
				SUPPORTED_PLATFORMS = "iphoneos iphonesimulator";
				SUPPORTS_MACCATALYST = NO;
				SUPPORTS_MAC_DESIGNED_FOR_IPHONE_IPAD = NO;
				SUPPORTS_XR_DESIGNED_FOR_IPHONE_IPAD = NO;
				SWIFT_EMIT_LOC_STRINGS = YES;
				SWIFT_VERSION = 5.0;
				TARGETED_DEVICE_FAMILY = 1;
			};
			name = Debug;
		};
		AC9FD0B02BC79AFD00395FC2 /* Release */ = {
			isa = XCBuildConfiguration;
			buildSettings = {
				ASSETCATALOG_COMPILER_APPICON_NAME = AppIcon;
				ASSETCATALOG_COMPILER_GLOBAL_ACCENT_COLOR_NAME = AccentColor;
				CODE_SIGN_STYLE = Automatic;
				CURRENT_PROJECT_VERSION = 1;
				DEVELOPMENT_TEAM = 92Y6UC7Q5M;
				GENERATE_INFOPLIST_FILE = YES;
				INFOPLIST_FILE = Crewous/Info.plist;
				INFOPLIST_KEY_NSCameraUsageDescription = "사진첩 사용";
				INFOPLIST_KEY_NSPhotoLibraryUsageDescription = "사진첩 사용";
				INFOPLIST_KEY_UIApplicationSupportsIndirectInputEvents = YES;
				INFOPLIST_KEY_UILaunchStoryboardName = LaunchScreen;
				INFOPLIST_KEY_UIMainStoryboardFile = Main;
				INFOPLIST_KEY_UISupportedInterfaceOrientations = UIInterfaceOrientationPortrait;
				INFOPLIST_KEY_UISupportedInterfaceOrientations_iPad = "UIInterfaceOrientationLandscapeLeft UIInterfaceOrientationLandscapeRight UIInterfaceOrientationPortrait UIInterfaceOrientationPortraitUpsideDown";
				IPHONEOS_DEPLOYMENT_TARGET = 16.0;
				LD_RUNPATH_SEARCH_PATHS = (
					"$(inherited)",
					"@executable_path/Frameworks",
				);
				MARKETING_VERSION = 1.0;
				PRODUCT_BUNDLE_IDENTIFIER = com.donotinto.Crewous;
				PRODUCT_NAME = "$(TARGET_NAME)";
				SUPPORTED_PLATFORMS = "iphoneos iphonesimulator";
				SUPPORTS_MACCATALYST = NO;
				SUPPORTS_MAC_DESIGNED_FOR_IPHONE_IPAD = NO;
				SUPPORTS_XR_DESIGNED_FOR_IPHONE_IPAD = NO;
				SWIFT_EMIT_LOC_STRINGS = YES;
				SWIFT_VERSION = 5.0;
				TARGETED_DEVICE_FAMILY = 1;
			};
			name = Release;
		};
		ACDF67BE2BCBF2B90046766B /* Debug2 */ = {
			isa = XCBuildConfiguration;
			buildSettings = {
				ALWAYS_SEARCH_USER_PATHS = NO;
				ASSETCATALOG_COMPILER_GENERATE_SWIFT_ASSET_SYMBOL_EXTENSIONS = YES;
				CLANG_ANALYZER_NONNULL = YES;
				CLANG_ANALYZER_NUMBER_OBJECT_CONVERSION = YES_AGGRESSIVE;
				CLANG_CXX_LANGUAGE_STANDARD = "gnu++20";
				CLANG_ENABLE_MODULES = YES;
				CLANG_ENABLE_OBJC_ARC = YES;
				CLANG_ENABLE_OBJC_WEAK = YES;
				CLANG_WARN_BLOCK_CAPTURE_AUTORELEASING = YES;
				CLANG_WARN_BOOL_CONVERSION = YES;
				CLANG_WARN_COMMA = YES;
				CLANG_WARN_CONSTANT_CONVERSION = YES;
				CLANG_WARN_DEPRECATED_OBJC_IMPLEMENTATIONS = YES;
				CLANG_WARN_DIRECT_OBJC_ISA_USAGE = YES_ERROR;
				CLANG_WARN_DOCUMENTATION_COMMENTS = YES;
				CLANG_WARN_EMPTY_BODY = YES;
				CLANG_WARN_ENUM_CONVERSION = YES;
				CLANG_WARN_INFINITE_RECURSION = YES;
				CLANG_WARN_INT_CONVERSION = YES;
				CLANG_WARN_NON_LITERAL_NULL_CONVERSION = YES;
				CLANG_WARN_OBJC_IMPLICIT_RETAIN_SELF = YES;
				CLANG_WARN_OBJC_LITERAL_CONVERSION = YES;
				CLANG_WARN_OBJC_ROOT_CLASS = YES_ERROR;
				CLANG_WARN_QUOTED_INCLUDE_IN_FRAMEWORK_HEADER = YES;
				CLANG_WARN_RANGE_LOOP_ANALYSIS = YES;
				CLANG_WARN_STRICT_PROTOTYPES = YES;
				CLANG_WARN_SUSPICIOUS_MOVE = YES;
				CLANG_WARN_UNGUARDED_AVAILABILITY = YES_AGGRESSIVE;
				CLANG_WARN_UNREACHABLE_CODE = YES;
				CLANG_WARN__DUPLICATE_METHOD_MATCH = YES;
				COPY_PHASE_STRIP = NO;
				DEBUG_INFORMATION_FORMAT = dwarf;
				ENABLE_STRICT_OBJC_MSGSEND = YES;
				ENABLE_TESTABILITY = YES;
				ENABLE_USER_SCRIPT_SANDBOXING = YES;
				GCC_C_LANGUAGE_STANDARD = gnu17;
				GCC_DYNAMIC_NO_PIC = NO;
				GCC_NO_COMMON_BLOCKS = YES;
				GCC_OPTIMIZATION_LEVEL = 0;
				GCC_PREPROCESSOR_DEFINITIONS = (
					"DEBUG=1",
					"$(inherited)",
				);
				GCC_WARN_64_TO_32_BIT_CONVERSION = YES;
				GCC_WARN_ABOUT_RETURN_TYPE = YES_ERROR;
				GCC_WARN_UNDECLARED_SELECTOR = YES;
				GCC_WARN_UNINITIALIZED_AUTOS = YES_AGGRESSIVE;
				GCC_WARN_UNUSED_FUNCTION = YES;
				GCC_WARN_UNUSED_VARIABLE = YES;
				IPHONEOS_DEPLOYMENT_TARGET = 17.4;
				LOCALIZATION_PREFERS_STRING_CATALOGS = YES;
				MTL_ENABLE_DEBUG_INFO = INCLUDE_SOURCE;
				MTL_FAST_MATH = YES;
				ONLY_ACTIVE_ARCH = YES;
				SDKROOT = iphoneos;
				SWIFT_ACTIVE_COMPILATION_CONDITIONS = "DEBUG $(inherited)";
				SWIFT_OPTIMIZATION_LEVEL = "-Onone";
			};
			name = Debug2;
		};
		ACDF67BF2BCBF2B90046766B /* Debug2 */ = {
			isa = XCBuildConfiguration;
			buildSettings = {
				ASSETCATALOG_COMPILER_APPICON_NAME = AppIcon;
				ASSETCATALOG_COMPILER_GLOBAL_ACCENT_COLOR_NAME = AccentColor;
				CODE_SIGN_STYLE = Automatic;
				CURRENT_PROJECT_VERSION = 1;
				DEVELOPMENT_TEAM = 92Y6UC7Q5M;
				GENERATE_INFOPLIST_FILE = YES;
				INFOPLIST_FILE = Crewous/Info.plist;
				INFOPLIST_KEY_NSCameraUsageDescription = "사진첩 사용";
				INFOPLIST_KEY_NSPhotoLibraryUsageDescription = "사진첩 사용";
				INFOPLIST_KEY_UIApplicationSupportsIndirectInputEvents = YES;
				INFOPLIST_KEY_UILaunchStoryboardName = LaunchScreen;
				INFOPLIST_KEY_UIMainStoryboardFile = Main;
				INFOPLIST_KEY_UISupportedInterfaceOrientations = UIInterfaceOrientationPortrait;
				INFOPLIST_KEY_UISupportedInterfaceOrientations_iPad = "UIInterfaceOrientationLandscapeLeft UIInterfaceOrientationLandscapeRight UIInterfaceOrientationPortrait UIInterfaceOrientationPortraitUpsideDown";
				IPHONEOS_DEPLOYMENT_TARGET = 16.0;
				LD_RUNPATH_SEARCH_PATHS = (
					"$(inherited)",
					"@executable_path/Frameworks",
				);
				MARKETING_VERSION = 1.0;
				PRODUCT_BUNDLE_IDENTIFIER = com.donotinto.Crewous;
				PRODUCT_NAME = "$(TARGET_NAME)";
				SUPPORTED_PLATFORMS = "iphoneos iphonesimulator";
				SUPPORTS_MACCATALYST = NO;
				SUPPORTS_MAC_DESIGNED_FOR_IPHONE_IPAD = NO;
				SUPPORTS_XR_DESIGNED_FOR_IPHONE_IPAD = NO;
				SWIFT_EMIT_LOC_STRINGS = YES;
				SWIFT_VERSION = 5.0;
				TARGETED_DEVICE_FAMILY = 1;
			};
			name = Debug2;
		};
/* End XCBuildConfiguration section */

/* Begin XCConfigurationList section */
		AC9FD0952BC79AFB00395FC2 /* Build configuration list for PBXProject "Crewous" */ = {
			isa = XCConfigurationList;
			buildConfigurations = (
				AC9FD0AC2BC79AFD00395FC2 /* Debug */,
				ACDF67BE2BCBF2B90046766B /* Debug2 */,
				AC9FD0AD2BC79AFD00395FC2 /* Release */,
			);
			defaultConfigurationIsVisible = 0;
			defaultConfigurationName = Release;
		};
		AC9FD0AE2BC79AFD00395FC2 /* Build configuration list for PBXNativeTarget "Crewous" */ = {
			isa = XCConfigurationList;
			buildConfigurations = (
				AC9FD0AF2BC79AFD00395FC2 /* Debug */,
				ACDF67BF2BCBF2B90046766B /* Debug2 */,
				AC9FD0B02BC79AFD00395FC2 /* Release */,
			);
			defaultConfigurationIsVisible = 0;
			defaultConfigurationName = Release;
		};
/* End XCConfigurationList section */

/* Begin XCRemoteSwiftPackageReference section */
		AC5A7A9D2BE0A67D00A13991 /* XCRemoteSwiftPackageReference "RxDataSources" */ = {
			isa = XCRemoteSwiftPackageReference;
			repositoryURL = "https://github.com/RxSwiftCommunity/RxDataSources.git";
			requirement = {
				kind = upToNextMajorVersion;
				minimumVersion = 5.0.2;
			};
		};
		AC5A7AB22BE21D0200A13991 /* XCRemoteSwiftPackageReference "iamport-ios" */ = {
			isa = XCRemoteSwiftPackageReference;
			repositoryURL = "https://github.com/iamport/iamport-ios";
			requirement = {
				kind = upToNextMajorVersion;
				minimumVersion = 1.4.1;
			};
		};
		AC9FD0B12BC79B4500395FC2 /* XCRemoteSwiftPackageReference "Alamofire" */ = {
			isa = XCRemoteSwiftPackageReference;
			repositoryURL = "https://github.com/Alamofire/Alamofire.git";
			requirement = {
				kind = upToNextMajorVersion;
				minimumVersion = 5.9.1;
			};
		};
		AC9FD0B42BC79B6100395FC2 /* XCRemoteSwiftPackageReference "RxSwift" */ = {
			isa = XCRemoteSwiftPackageReference;
			repositoryURL = "https://github.com/ReactiveX/RxSwift.git";
			requirement = {
				kind = upToNextMajorVersion;
				minimumVersion = 6.6.0;
			};
		};
		AC9FD0B92BC79B7700395FC2 /* XCRemoteSwiftPackageReference "SnapKit" */ = {
			isa = XCRemoteSwiftPackageReference;
			repositoryURL = "https://github.com/SnapKit/SnapKit";
			requirement = {
				kind = upToNextMajorVersion;
				minimumVersion = 5.7.1;
			};
		};
		ACBD683D2BDE9D030077C6FC /* XCRemoteSwiftPackageReference "YPImagePicker" */ = {
			isa = XCRemoteSwiftPackageReference;
			repositoryURL = "https://github.com/Yummypets/YPImagePicker.git";
			requirement = {
				kind = upToNextMajorVersion;
				minimumVersion = 5.2.2;
			};
		};
		ACF18F5F2BD13F94002C0548 /* XCRemoteSwiftPackageReference "Kingfisher" */ = {
			isa = XCRemoteSwiftPackageReference;
			repositoryURL = "https://github.com/onevcat/Kingfisher.git";
			requirement = {
				kind = upToNextMajorVersion;
				minimumVersion = 7.11.0;
			};
		};
/* End XCRemoteSwiftPackageReference section */

/* Begin XCSwiftPackageProductDependency section */
		AC5A7A9E2BE0A67D00A13991 /* Differentiator */ = {
			isa = XCSwiftPackageProductDependency;
			package = AC5A7A9D2BE0A67D00A13991 /* XCRemoteSwiftPackageReference "RxDataSources" */;
			productName = Differentiator;
		};
		AC5A7AA02BE0A67D00A13991 /* RxDataSources */ = {
			isa = XCSwiftPackageProductDependency;
			package = AC5A7A9D2BE0A67D00A13991 /* XCRemoteSwiftPackageReference "RxDataSources" */;
			productName = RxDataSources;
		};
		AC5A7AB32BE21D0200A13991 /* iamport-ios */ = {
			isa = XCSwiftPackageProductDependency;
			package = AC5A7AB22BE21D0200A13991 /* XCRemoteSwiftPackageReference "iamport-ios" */;
			productName = "iamport-ios";
		};
		AC9FD0B22BC79B4500395FC2 /* Alamofire */ = {
			isa = XCSwiftPackageProductDependency;
			package = AC9FD0B12BC79B4500395FC2 /* XCRemoteSwiftPackageReference "Alamofire" */;
			productName = Alamofire;
		};
		AC9FD0B52BC79B6100395FC2 /* RxCocoa */ = {
			isa = XCSwiftPackageProductDependency;
			package = AC9FD0B42BC79B6100395FC2 /* XCRemoteSwiftPackageReference "RxSwift" */;
			productName = RxCocoa;
		};
		AC9FD0B72BC79B6100395FC2 /* RxSwift */ = {
			isa = XCSwiftPackageProductDependency;
			package = AC9FD0B42BC79B6100395FC2 /* XCRemoteSwiftPackageReference "RxSwift" */;
			productName = RxSwift;
		};
		AC9FD0BA2BC79B7700395FC2 /* SnapKit */ = {
			isa = XCSwiftPackageProductDependency;
			package = AC9FD0B92BC79B7700395FC2 /* XCRemoteSwiftPackageReference "SnapKit" */;
			productName = SnapKit;
		};
		ACBD683E2BDE9D030077C6FC /* YPImagePicker */ = {
			isa = XCSwiftPackageProductDependency;
			package = ACBD683D2BDE9D030077C6FC /* XCRemoteSwiftPackageReference "YPImagePicker" */;
			productName = YPImagePicker;
		};
		ACF18F602BD13F94002C0548 /* Kingfisher */ = {
			isa = XCSwiftPackageProductDependency;
			package = ACF18F5F2BD13F94002C0548 /* XCRemoteSwiftPackageReference "Kingfisher" */;
			productName = Kingfisher;
		};
/* End XCSwiftPackageProductDependency section */
	};
	rootObject = AC9FD0922BC79AFB00395FC2 /* Project object */;
}
